// !$*UTF8*$!
{
	archiveVersion = 1;
	classes = {
	};
	objectVersion = 46;
	objects = {

/* Begin PBXBuildFile section */
		E5F89BD6830CA88E52F2E47D /* libPods.a in Frameworks */ = {isa = PBXBuildFile; fileRef = BC81E4E5B5FF479CD175EB08 /* libPods.a */; };
		F244B85F1C7D85BC00421236 /* MainTableViewController.m in Sources */ = {isa = PBXBuildFile; fileRef = F244B85E1C7D85BC00421236 /* MainTableViewController.m */; };
		F244B8611C7D87EA00421236 /* libAFNetworking.a in Frameworks */ = {isa = PBXBuildFile; fileRef = F244B8601C7D87EA00421236 /* libAFNetworking.a */; };
		F244B8641C7D8BFC00421236 /* AnimationTableViewController.m in Sources */ = {isa = PBXBuildFile; fileRef = F244B8631C7D8BFC00421236 /* AnimationTableViewController.m */; };
		F244B8681C7D8DD800421236 /* TaoBaoPopViewController.m in Sources */ = {isa = PBXBuildFile; fileRef = F244B8671C7D8DD800421236 /* TaoBaoPopViewController.m */; };
		F244B86B1C7D8E9200421236 /* UIViewController+PopAnimation.m in Sources */ = {isa = PBXBuildFile; fileRef = F244B86A1C7D8E9200421236 /* UIViewController+PopAnimation.m */; };
		F252F86A1C8D5B0800680CBA /* CoreTextViewController.m in Sources */ = {isa = PBXBuildFile; fileRef = F252F8691C8D5B0800680CBA /* CoreTextViewController.m */; };
		F252F86D1C8D5CE100680CBA /* DrawTextTableViewController.m in Sources */ = {isa = PBXBuildFile; fileRef = F252F86C1C8D5CE100680CBA /* DrawTextTableViewController.m */; };
		F27D5F331C85293C00CBE9FD /* WeiboPopViewController.m in Sources */ = {isa = PBXBuildFile; fileRef = F27D5F321C85293C00CBE9FD /* WeiboPopViewController.m */; };
		F27D5F361C8529F100CBE9FD /* PTWeiboMenuView.m in Sources */ = {isa = PBXBuildFile; fileRef = F27D5F351C8529F100CBE9FD /* PTWeiboMenuView.m */; };
		F2C8DEE01C843B3E0050CD8F /* NSTimer+PTTimer.m in Sources */ = {isa = PBXBuildFile; fileRef = F2C8DEDF1C843B3E0050CD8F /* NSTimer+PTTimer.m */; };
		F2D9E14A1C87D3A000DD6409 /* UIView+PTView.m in Sources */ = {isa = PBXBuildFile; fileRef = F2D9E1491C87D3A000DD6409 /* UIView+PTView.m */; };
		F2EC4AE51C7D826200FD4ACE /* main.m in Sources */ = {isa = PBXBuildFile; fileRef = F2EC4AE41C7D826200FD4ACE /* main.m */; };
		F2EC4AE81C7D826200FD4ACE /* AppDelegate.m in Sources */ = {isa = PBXBuildFile; fileRef = F2EC4AE71C7D826200FD4ACE /* AppDelegate.m */; };
		F2EC4AEA1C7D826200FD4ACE /* Assets.xcassets in Resources */ = {isa = PBXBuildFile; fileRef = F2EC4AE91C7D826200FD4ACE /* Assets.xcassets */; };
		F2EC4AED1C7D826200FD4ACE /* LaunchScreen.storyboard in Resources */ = {isa = PBXBuildFile; fileRef = F2EC4AEB1C7D826200FD4ACE /* LaunchScreen.storyboard */; };
		F2EC4AF81C7D826200FD4ACE /* PTKitTests.m in Sources */ = {isa = PBXBuildFile; fileRef = F2EC4AF71C7D826200FD4ACE /* PTKitTests.m */; };
		F2EC4B031C7D826200FD4ACE /* PTKitUITests.m in Sources */ = {isa = PBXBuildFile; fileRef = F2EC4B021C7D826200FD4ACE /* PTKitUITests.m */; };
		F2F409371C8E607C0007D73D /* PTDisplayView.m in Sources */ = {isa = PBXBuildFile; fileRef = F2F409361C8E607C0007D73D /* PTDisplayView.m */; };
		F2F4093A1C8E63BD0007D73D /* PTFrameParserConfig.m in Sources */ = {isa = PBXBuildFile; fileRef = F2F409391C8E63BD0007D73D /* PTFrameParserConfig.m */; };
		F2F4093D1C8E63CF0007D73D /* PTFrameParser.m in Sources */ = {isa = PBXBuildFile; fileRef = F2F4093C1C8E63CF0007D73D /* PTFrameParser.m */; };
		F2F409401C8E63F10007D73D /* CoreTextData.m in Sources */ = {isa = PBXBuildFile; fileRef = F2F4093F1C8E63F10007D73D /* CoreTextData.m */; };
		F2FAF6C01C9F93B900200FC1 /* NSAttributedString+PTNSAttributedString.m in Sources */ = {isa = PBXBuildFile; fileRef = F2FAF6BF1C9F93B900200FC1 /* NSAttributedString+PTNSAttributedString.m */; };
/* End PBXBuildFile section */

/* Begin PBXContainerItemProxy section */
		F2EC4AF41C7D826200FD4ACE /* PBXContainerItemProxy */ = {
			isa = PBXContainerItemProxy;
			containerPortal = F2EC4AD81C7D826200FD4ACE /* Project object */;
			proxyType = 1;
			remoteGlobalIDString = F2EC4ADF1C7D826200FD4ACE;
			remoteInfo = PTKit;
		};
		F2EC4AFF1C7D826200FD4ACE /* PBXContainerItemProxy */ = {
			isa = PBXContainerItemProxy;
			containerPortal = F2EC4AD81C7D826200FD4ACE /* Project object */;
			proxyType = 1;
			remoteGlobalIDString = F2EC4ADF1C7D826200FD4ACE;
			remoteInfo = PTKit;
		};
/* End PBXContainerItemProxy section */

/* Begin PBXFileReference section */
		365AB0F9229934289DBCBCBC /* Pods.debug.xcconfig */ = {isa = PBXFileReference; includeInIndex = 1; lastKnownFileType = text.xcconfig; name = Pods.debug.xcconfig; path = "Pods/Target Support Files/Pods/Pods.debug.xcconfig"; sourceTree = "<group>"; };
		7A456CB0385D2A72001F6116 /* Pods.release.xcconfig */ = {isa = PBXFileReference; includeInIndex = 1; lastKnownFileType = text.xcconfig; name = Pods.release.xcconfig; path = "Pods/Target Support Files/Pods/Pods.release.xcconfig"; sourceTree = "<group>"; };
		BC81E4E5B5FF479CD175EB08 /* libPods.a */ = {isa = PBXFileReference; explicitFileType = archive.ar; includeInIndex = 0; path = libPods.a; sourceTree = BUILT_PRODUCTS_DIR; };
		F244B85D1C7D85BC00421236 /* MainTableViewController.h */ = {isa = PBXFileReference; fileEncoding = 4; lastKnownFileType = sourcecode.c.h; path = MainTableViewController.h; sourceTree = "<group>"; };
		F244B85E1C7D85BC00421236 /* MainTableViewController.m */ = {isa = PBXFileReference; fileEncoding = 4; lastKnownFileType = sourcecode.c.objc; path = MainTableViewController.m; sourceTree = "<group>"; };
		F244B8601C7D87EA00421236 /* libAFNetworking.a */ = {isa = PBXFileReference; lastKnownFileType = archive.ar; name = libAFNetworking.a; path = "Pods/../build/Debug-iphoneos/libAFNetworking.a"; sourceTree = "<group>"; };
		F244B8621C7D8BFC00421236 /* AnimationTableViewController.h */ = {isa = PBXFileReference; fileEncoding = 4; lastKnownFileType = sourcecode.c.h; path = AnimationTableViewController.h; sourceTree = "<group>"; };
		F244B8631C7D8BFC00421236 /* AnimationTableViewController.m */ = {isa = PBXFileReference; fileEncoding = 4; lastKnownFileType = sourcecode.c.objc; path = AnimationTableViewController.m; sourceTree = "<group>"; };
		F244B8661C7D8DD800421236 /* TaoBaoPopViewController.h */ = {isa = PBXFileReference; fileEncoding = 4; lastKnownFileType = sourcecode.c.h; path = TaoBaoPopViewController.h; sourceTree = "<group>"; };
		F244B8671C7D8DD800421236 /* TaoBaoPopViewController.m */ = {isa = PBXFileReference; fileEncoding = 4; lastKnownFileType = sourcecode.c.objc; path = TaoBaoPopViewController.m; sourceTree = "<group>"; };
		F244B8691C7D8E9200421236 /* UIViewController+PopAnimation.h */ = {isa = PBXFileReference; fileEncoding = 4; lastKnownFileType = sourcecode.c.h; path = "UIViewController+PopAnimation.h"; sourceTree = "<group>"; };
		F244B86A1C7D8E9200421236 /* UIViewController+PopAnimation.m */ = {isa = PBXFileReference; fileEncoding = 4; lastKnownFileType = sourcecode.c.objc; path = "UIViewController+PopAnimation.m"; sourceTree = "<group>"; };
		F252F8681C8D5B0800680CBA /* CoreTextViewController.h */ = {isa = PBXFileReference; fileEncoding = 4; lastKnownFileType = sourcecode.c.h; path = CoreTextViewController.h; sourceTree = "<group>"; };
		F252F8691C8D5B0800680CBA /* CoreTextViewController.m */ = {isa = PBXFileReference; fileEncoding = 4; lastKnownFileType = sourcecode.c.objc; path = CoreTextViewController.m; sourceTree = "<group>"; };
		F252F86B1C8D5CE100680CBA /* DrawTextTableViewController.h */ = {isa = PBXFileReference; fileEncoding = 4; lastKnownFileType = sourcecode.c.h; path = DrawTextTableViewController.h; sourceTree = "<group>"; };
		F252F86C1C8D5CE100680CBA /* DrawTextTableViewController.m */ = {isa = PBXFileReference; fileEncoding = 4; lastKnownFileType = sourcecode.c.objc; path = DrawTextTableViewController.m; sourceTree = "<group>"; };
		F27D5F311C85293C00CBE9FD /* WeiboPopViewController.h */ = {isa = PBXFileReference; fileEncoding = 4; lastKnownFileType = sourcecode.c.h; path = WeiboPopViewController.h; sourceTree = "<group>"; };
		F27D5F321C85293C00CBE9FD /* WeiboPopViewController.m */ = {isa = PBXFileReference; fileEncoding = 4; lastKnownFileType = sourcecode.c.objc; path = WeiboPopViewController.m; sourceTree = "<group>"; };
		F27D5F341C8529F100CBE9FD /* PTWeiboMenuView.h */ = {isa = PBXFileReference; fileEncoding = 4; lastKnownFileType = sourcecode.c.h; path = PTWeiboMenuView.h; sourceTree = "<group>"; };
		F27D5F351C8529F100CBE9FD /* PTWeiboMenuView.m */ = {isa = PBXFileReference; fileEncoding = 4; lastKnownFileType = sourcecode.c.objc; path = PTWeiboMenuView.m; sourceTree = "<group>"; };
		F28D3DE81C7FFFE900F4337F /* PTKit.h */ = {isa = PBXFileReference; fileEncoding = 4; lastKnownFileType = sourcecode.c.h; path = PTKit.h; sourceTree = "<group>"; };
		F2C8DEDE1C843B3E0050CD8F /* NSTimer+PTTimer.h */ = {isa = PBXFileReference; fileEncoding = 4; lastKnownFileType = sourcecode.c.h; path = "NSTimer+PTTimer.h"; sourceTree = "<group>"; };
		F2C8DEDF1C843B3E0050CD8F /* NSTimer+PTTimer.m */ = {isa = PBXFileReference; fileEncoding = 4; lastKnownFileType = sourcecode.c.objc; path = "NSTimer+PTTimer.m"; sourceTree = "<group>"; };
		F2D9E1481C87D3A000DD6409 /* UIView+PTView.h */ = {isa = PBXFileReference; fileEncoding = 4; lastKnownFileType = sourcecode.c.h; path = "UIView+PTView.h"; sourceTree = "<group>"; };
		F2D9E1491C87D3A000DD6409 /* UIView+PTView.m */ = {isa = PBXFileReference; fileEncoding = 4; lastKnownFileType = sourcecode.c.objc; path = "UIView+PTView.m"; sourceTree = "<group>"; };
		F2EC4AE01C7D826200FD4ACE /* PTKit.app */ = {isa = PBXFileReference; explicitFileType = wrapper.application; includeInIndex = 0; path = PTKit.app; sourceTree = BUILT_PRODUCTS_DIR; };
		F2EC4AE41C7D826200FD4ACE /* main.m */ = {isa = PBXFileReference; lastKnownFileType = sourcecode.c.objc; path = main.m; sourceTree = "<group>"; };
		F2EC4AE61C7D826200FD4ACE /* AppDelegate.h */ = {isa = PBXFileReference; lastKnownFileType = sourcecode.c.h; path = AppDelegate.h; sourceTree = "<group>"; };
		F2EC4AE71C7D826200FD4ACE /* AppDelegate.m */ = {isa = PBXFileReference; lastKnownFileType = sourcecode.c.objc; path = AppDelegate.m; sourceTree = "<group>"; };
		F2EC4AE91C7D826200FD4ACE /* Assets.xcassets */ = {isa = PBXFileReference; lastKnownFileType = folder.assetcatalog; path = Assets.xcassets; sourceTree = "<group>"; };
		F2EC4AEC1C7D826200FD4ACE /* Base */ = {isa = PBXFileReference; lastKnownFileType = file.storyboard; name = Base; path = Base.lproj/LaunchScreen.storyboard; sourceTree = "<group>"; };
		F2EC4AEE1C7D826200FD4ACE /* Info.plist */ = {isa = PBXFileReference; lastKnownFileType = text.plist.xml; path = Info.plist; sourceTree = "<group>"; };
		F2EC4AF31C7D826200FD4ACE /* PTKitTests.xctest */ = {isa = PBXFileReference; explicitFileType = wrapper.cfbundle; includeInIndex = 0; path = PTKitTests.xctest; sourceTree = BUILT_PRODUCTS_DIR; };
		F2EC4AF71C7D826200FD4ACE /* PTKitTests.m */ = {isa = PBXFileReference; lastKnownFileType = sourcecode.c.objc; path = PTKitTests.m; sourceTree = "<group>"; };
		F2EC4AF91C7D826200FD4ACE /* Info.plist */ = {isa = PBXFileReference; lastKnownFileType = text.plist.xml; path = Info.plist; sourceTree = "<group>"; };
		F2EC4AFE1C7D826200FD4ACE /* PTKitUITests.xctest */ = {isa = PBXFileReference; explicitFileType = wrapper.cfbundle; includeInIndex = 0; path = PTKitUITests.xctest; sourceTree = BUILT_PRODUCTS_DIR; };
		F2EC4B021C7D826200FD4ACE /* PTKitUITests.m */ = {isa = PBXFileReference; lastKnownFileType = sourcecode.c.objc; path = PTKitUITests.m; sourceTree = "<group>"; };
		F2EC4B041C7D826200FD4ACE /* Info.plist */ = {isa = PBXFileReference; lastKnownFileType = text.plist.xml; path = Info.plist; sourceTree = "<group>"; };
		F2F409351C8E607C0007D73D /* PTDisplayView.h */ = {isa = PBXFileReference; fileEncoding = 4; lastKnownFileType = sourcecode.c.h; path = PTDisplayView.h; sourceTree = "<group>"; };
		F2F409361C8E607C0007D73D /* PTDisplayView.m */ = {isa = PBXFileReference; fileEncoding = 4; lastKnownFileType = sourcecode.c.objc; path = PTDisplayView.m; sourceTree = "<group>"; };
		F2F409381C8E63BD0007D73D /* PTFrameParserConfig.h */ = {isa = PBXFileReference; fileEncoding = 4; lastKnownFileType = sourcecode.c.h; path = PTFrameParserConfig.h; sourceTree = "<group>"; };
		F2F409391C8E63BD0007D73D /* PTFrameParserConfig.m */ = {isa = PBXFileReference; fileEncoding = 4; lastKnownFileType = sourcecode.c.objc; path = PTFrameParserConfig.m; sourceTree = "<group>"; };
		F2F4093B1C8E63CF0007D73D /* PTFrameParser.h */ = {isa = PBXFileReference; fileEncoding = 4; lastKnownFileType = sourcecode.c.h; path = PTFrameParser.h; sourceTree = "<group>"; };
		F2F4093C1C8E63CF0007D73D /* PTFrameParser.m */ = {isa = PBXFileReference; fileEncoding = 4; lastKnownFileType = sourcecode.c.objc; path = PTFrameParser.m; sourceTree = "<group>"; };
		F2F4093E1C8E63F10007D73D /* CoreTextData.h */ = {isa = PBXFileReference; fileEncoding = 4; lastKnownFileType = sourcecode.c.h; path = CoreTextData.h; sourceTree = "<group>"; };
		F2F4093F1C8E63F10007D73D /* CoreTextData.m */ = {isa = PBXFileReference; fileEncoding = 4; lastKnownFileType = sourcecode.c.objc; path = CoreTextData.m; sourceTree = "<group>"; };
		F2FAF6BE1C9F93B900200FC1 /* NSAttributedString+PTNSAttributedString.h */ = {isa = PBXFileReference; fileEncoding = 4; lastKnownFileType = sourcecode.c.h; path = "NSAttributedString+PTNSAttributedString.h"; sourceTree = "<group>"; };
		F2FAF6BF1C9F93B900200FC1 /* NSAttributedString+PTNSAttributedString.m */ = {isa = PBXFileReference; fileEncoding = 4; lastKnownFileType = sourcecode.c.objc; path = "NSAttributedString+PTNSAttributedString.m"; sourceTree = "<group>"; };
/* End PBXFileReference section */

/* Begin PBXFrameworksBuildPhase section */
		F2EC4ADD1C7D826200FD4ACE /* Frameworks */ = {
			isa = PBXFrameworksBuildPhase;
			buildActionMask = 2147483647;
			files = (
				F244B8611C7D87EA00421236 /* libAFNetworking.a in Frameworks */,
				E5F89BD6830CA88E52F2E47D /* libPods.a in Frameworks */,
			);
			runOnlyForDeploymentPostprocessing = 0;
		};
		F2EC4AF01C7D826200FD4ACE /* Frameworks */ = {
			isa = PBXFrameworksBuildPhase;
			buildActionMask = 2147483647;
			files = (
			);
			runOnlyForDeploymentPostprocessing = 0;
		};
		F2EC4AFB1C7D826200FD4ACE /* Frameworks */ = {
			isa = PBXFrameworksBuildPhase;
			buildActionMask = 2147483647;
			files = (
			);
			runOnlyForDeploymentPostprocessing = 0;
		};
/* End PBXFrameworksBuildPhase section */

/* Begin PBXGroup section */
		37A79CB2778E032EEA52B790 /* Frameworks */ = {
			isa = PBXGroup;
			children = (
				F244B8601C7D87EA00421236 /* libAFNetworking.a */,
				BC81E4E5B5FF479CD175EB08 /* libPods.a */,
			);
			name = Frameworks;
			sourceTree = "<group>";
		};
		EE7178A66888063F24AFE21F /* Pods */ = {
			isa = PBXGroup;
			children = (
				365AB0F9229934289DBCBCBC /* Pods.debug.xcconfig */,
				7A456CB0385D2A72001F6116 /* Pods.release.xcconfig */,
			);
			name = Pods;
			sourceTree = "<group>";
		};
		F244B85C1C7D859300421236 /* 动画与特效 */ = {
			isa = PBXGroup;
			children = (
				F2C8DEE11C8440260050CD8F /* 微博弹出动画效果 */,
				F244B8651C7D8DA300421236 /* 淘宝View弹出效果 */,
				F244B8621C7D8BFC00421236 /* AnimationTableViewController.h */,
				F244B8631C7D8BFC00421236 /* AnimationTableViewController.m */,
			);
			path = "动画与特效";
			sourceTree = "<group>";
		};
		F244B8651C7D8DA300421236 /* 淘宝View弹出效果 */ = {
			isa = PBXGroup;
			children = (
				F244B8661C7D8DD800421236 /* TaoBaoPopViewController.h */,
				F244B8671C7D8DD800421236 /* TaoBaoPopViewController.m */,
				F244B8691C7D8E9200421236 /* UIViewController+PopAnimation.h */,
				F244B86A1C7D8E9200421236 /* UIViewController+PopAnimation.m */,
			);
			path = "淘宝View弹出效果";
			sourceTree = "<group>";
		};
		F252F8661C8D5AE500680CBA /* 绘图与文本 */ = {
			isa = PBXGroup;
			children = (
				F27BE8041C9955A9008D6A40 /* PTLabel */,
				F252F8671C8D5AE500680CBA /* CoreText */,
				F252F86B1C8D5CE100680CBA /* DrawTextTableViewController.h */,
				F252F86C1C8D5CE100680CBA /* DrawTextTableViewController.m */,
			);
			path = "绘图与文本";
			sourceTree = "<group>";
		};
		F252F8671C8D5AE500680CBA /* CoreText */ = {
			isa = PBXGroup;
			children = (
				F252F8681C8D5B0800680CBA /* CoreTextViewController.h */,
				F252F8691C8D5B0800680CBA /* CoreTextViewController.m */,
				F2F409351C8E607C0007D73D /* PTDisplayView.h */,
				F2F409361C8E607C0007D73D /* PTDisplayView.m */,
				F2F409381C8E63BD0007D73D /* PTFrameParserConfig.h */,
				F2F409391C8E63BD0007D73D /* PTFrameParserConfig.m */,
				F2F4093B1C8E63CF0007D73D /* PTFrameParser.h */,
				F2F4093C1C8E63CF0007D73D /* PTFrameParser.m */,
				F2F4093E1C8E63F10007D73D /* CoreTextData.h */,
				F2F4093F1C8E63F10007D73D /* CoreTextData.m */,
			);
			path = CoreText;
			sourceTree = "<group>";
		};
		F27BE8041C9955A9008D6A40 /* PTLabel */ = {
			isa = PBXGroup;
			children = (
			);
			path = PTLabel;
			sourceTree = "<group>";
		};
		F2C8DEDD1C8439C80050CD8F /* 工具类 */ = {
			isa = PBXGroup;
			children = (
				F2C8DEDE1C843B3E0050CD8F /* NSTimer+PTTimer.h */,
				F2C8DEDF1C843B3E0050CD8F /* NSTimer+PTTimer.m */,
				F2D9E1481C87D3A000DD6409 /* UIView+PTView.h */,
				F2D9E1491C87D3A000DD6409 /* UIView+PTView.m */,
				F2FAF6BE1C9F93B900200FC1 /* NSAttributedString+PTNSAttributedString.h */,
				F2FAF6BF1C9F93B900200FC1 /* NSAttributedString+PTNSAttributedString.m */,
			);
			path = "工具类";
			sourceTree = "<group>";
		};
		F2C8DEE11C8440260050CD8F /* 微博弹出动画效果 */ = {
			isa = PBXGroup;
			children = (
				F27D5F311C85293C00CBE9FD /* WeiboPopViewController.h */,
				F27D5F321C85293C00CBE9FD /* WeiboPopViewController.m */,
				F27D5F341C8529F100CBE9FD /* PTWeiboMenuView.h */,
				F27D5F351C8529F100CBE9FD /* PTWeiboMenuView.m */,
			);
			path = "微博弹出动画效果";
			sourceTree = "<group>";
		};
		F2EC4AD71C7D826200FD4ACE = {
			isa = PBXGroup;
			children = (
				F2EC4AE21C7D826200FD4ACE /* PTKit */,
				F2EC4AF61C7D826200FD4ACE /* PTKitTests */,
				F2EC4B011C7D826200FD4ACE /* PTKitUITests */,
				F2EC4AE11C7D826200FD4ACE /* Products */,
				EE7178A66888063F24AFE21F /* Pods */,
				37A79CB2778E032EEA52B790 /* Frameworks */,
			);
			sourceTree = "<group>";
		};
		F2EC4AE11C7D826200FD4ACE /* Products */ = {
			isa = PBXGroup;
			children = (
				F2EC4AE01C7D826200FD4ACE /* PTKit.app */,
				F2EC4AF31C7D826200FD4ACE /* PTKitTests.xctest */,
				F2EC4AFE1C7D826200FD4ACE /* PTKitUITests.xctest */,
			);
			name = Products;
			sourceTree = "<group>";
		};
		F2EC4AE21C7D826200FD4ACE /* PTKit */ = {
			isa = PBXGroup;
			children = (
				F252F8661C8D5AE500680CBA /* 绘图与文本 */,
				F2C8DEDD1C8439C80050CD8F /* 工具类 */,
				F244B85C1C7D859300421236 /* 动画与特效 */,
				F2EC4AE61C7D826200FD4ACE /* AppDelegate.h */,
				F2EC4AE71C7D826200FD4ACE /* AppDelegate.m */,
				F244B85D1C7D85BC00421236 /* MainTableViewController.h */,
				F244B85E1C7D85BC00421236 /* MainTableViewController.m */,
				F2EC4AE91C7D826200FD4ACE /* Assets.xcassets */,
				F2EC4AEB1C7D826200FD4ACE /* LaunchScreen.storyboard */,
				F2EC4AEE1C7D826200FD4ACE /* Info.plist */,
				F2EC4AE31C7D826200FD4ACE /* Supporting Files */,
				F28D3DE81C7FFFE900F4337F /* PTKit.h */,
			);
			path = PTKit;
			sourceTree = "<group>";
		};
		F2EC4AE31C7D826200FD4ACE /* Supporting Files */ = {
			isa = PBXGroup;
			children = (
				F2EC4AE41C7D826200FD4ACE /* main.m */,
			);
			name = "Supporting Files";
			sourceTree = "<group>";
		};
		F2EC4AF61C7D826200FD4ACE /* PTKitTests */ = {
			isa = PBXGroup;
			children = (
				F2EC4AF71C7D826200FD4ACE /* PTKitTests.m */,
				F2EC4AF91C7D826200FD4ACE /* Info.plist */,
			);
			path = PTKitTests;
			sourceTree = "<group>";
		};
		F2EC4B011C7D826200FD4ACE /* PTKitUITests */ = {
			isa = PBXGroup;
			children = (
				F2EC4B021C7D826200FD4ACE /* PTKitUITests.m */,
				F2EC4B041C7D826200FD4ACE /* Info.plist */,
			);
			path = PTKitUITests;
			sourceTree = "<group>";
		};
/* End PBXGroup section */

/* Begin PBXNativeTarget section */
		F2EC4ADF1C7D826200FD4ACE /* PTKit */ = {
			isa = PBXNativeTarget;
			buildConfigurationList = F2EC4B071C7D826200FD4ACE /* Build configuration list for PBXNativeTarget "PTKit" */;
			buildPhases = (
				E8E581ABE4B0C2DA9B61E61A /* Check Pods Manifest.lock */,
				F2EC4ADC1C7D826200FD4ACE /* Sources */,
				F2EC4ADD1C7D826200FD4ACE /* Frameworks */,
				F2EC4ADE1C7D826200FD4ACE /* Resources */,
				8CF1B46294377611A0450976 /* Copy Pods Resources */,
			);
			buildRules = (
			);
			dependencies = (
			);
			name = PTKit;
			productName = PTKit;
			productReference = F2EC4AE01C7D826200FD4ACE /* PTKit.app */;
			productType = "com.apple.product-type.application";
		};
		F2EC4AF21C7D826200FD4ACE /* PTKitTests */ = {
			isa = PBXNativeTarget;
			buildConfigurationList = F2EC4B0A1C7D826200FD4ACE /* Build configuration list for PBXNativeTarget "PTKitTests" */;
			buildPhases = (
				F2EC4AEF1C7D826200FD4ACE /* Sources */,
				F2EC4AF01C7D826200FD4ACE /* Frameworks */,
				F2EC4AF11C7D826200FD4ACE /* Resources */,
			);
			buildRules = (
			);
			dependencies = (
				F2EC4AF51C7D826200FD4ACE /* PBXTargetDependency */,
			);
			name = PTKitTests;
			productName = PTKitTests;
			productReference = F2EC4AF31C7D826200FD4ACE /* PTKitTests.xctest */;
			productType = "com.apple.product-type.bundle.unit-test";
		};
		F2EC4AFD1C7D826200FD4ACE /* PTKitUITests */ = {
			isa = PBXNativeTarget;
			buildConfigurationList = F2EC4B0D1C7D826200FD4ACE /* Build configuration list for PBXNativeTarget "PTKitUITests" */;
			buildPhases = (
				F2EC4AFA1C7D826200FD4ACE /* Sources */,
				F2EC4AFB1C7D826200FD4ACE /* Frameworks */,
				F2EC4AFC1C7D826200FD4ACE /* Resources */,
			);
			buildRules = (
			);
			dependencies = (
				F2EC4B001C7D826200FD4ACE /* PBXTargetDependency */,
			);
			name = PTKitUITests;
			productName = PTKitUITests;
			productReference = F2EC4AFE1C7D826200FD4ACE /* PTKitUITests.xctest */;
			productType = "com.apple.product-type.bundle.ui-testing";
		};
/* End PBXNativeTarget section */

/* Begin PBXProject section */
		F2EC4AD81C7D826200FD4ACE /* Project object */ = {
			isa = PBXProject;
			attributes = {
				LastUpgradeCheck = 0720;
				ORGANIZATIONNAME = PT;
				TargetAttributes = {
					F2EC4ADF1C7D826200FD4ACE = {
						CreatedOnToolsVersion = 7.2;
					};
					F2EC4AF21C7D826200FD4ACE = {
						CreatedOnToolsVersion = 7.2;
						TestTargetID = F2EC4ADF1C7D826200FD4ACE;
					};
					F2EC4AFD1C7D826200FD4ACE = {
						CreatedOnToolsVersion = 7.2;
						TestTargetID = F2EC4ADF1C7D826200FD4ACE;
					};
				};
			};
			buildConfigurationList = F2EC4ADB1C7D826200FD4ACE /* Build configuration list for PBXProject "PTKit" */;
			compatibilityVersion = "Xcode 3.2";
			developmentRegion = English;
			hasScannedForEncodings = 0;
			knownRegions = (
				en,
				Base,
			);
			mainGroup = F2EC4AD71C7D826200FD4ACE;
			productRefGroup = F2EC4AE11C7D826200FD4ACE /* Products */;
			projectDirPath = "";
			projectRoot = "";
			targets = (
				F2EC4ADF1C7D826200FD4ACE /* PTKit */,
				F2EC4AF21C7D826200FD4ACE /* PTKitTests */,
				F2EC4AFD1C7D826200FD4ACE /* PTKitUITests */,
			);
		};
/* End PBXProject section */

/* Begin PBXResourcesBuildPhase section */
		F2EC4ADE1C7D826200FD4ACE /* Resources */ = {
			isa = PBXResourcesBuildPhase;
			buildActionMask = 2147483647;
			files = (
				F2EC4AEA1C7D826200FD4ACE /* Assets.xcassets in Resources */,
				F2EC4AED1C7D826200FD4ACE /* LaunchScreen.storyboard in Resources */,
			);
			runOnlyForDeploymentPostprocessing = 0;
		};
		F2EC4AF11C7D826200FD4ACE /* Resources */ = {
			isa = PBXResourcesBuildPhase;
			buildActionMask = 2147483647;
			files = (
			);
			runOnlyForDeploymentPostprocessing = 0;
		};
		F2EC4AFC1C7D826200FD4ACE /* Resources */ = {
			isa = PBXResourcesBuildPhase;
			buildActionMask = 2147483647;
			files = (
			);
			runOnlyForDeploymentPostprocessing = 0;
		};
/* End PBXResourcesBuildPhase section */

/* Begin PBXShellScriptBuildPhase section */
		8CF1B46294377611A0450976 /* Copy Pods Resources */ = {
			isa = PBXShellScriptBuildPhase;
			buildActionMask = 2147483647;
			files = (
			);
			inputPaths = (
			);
			name = "Copy Pods Resources";
			outputPaths = (
			);
			runOnlyForDeploymentPostprocessing = 0;
			shellPath = /bin/sh;
			shellScript = "\"${SRCROOT}/Pods/Target Support Files/Pods/Pods-resources.sh\"\n";
			showEnvVarsInLog = 0;
		};
		E8E581ABE4B0C2DA9B61E61A /* Check Pods Manifest.lock */ = {
			isa = PBXShellScriptBuildPhase;
			buildActionMask = 2147483647;
			files = (
			);
			inputPaths = (
			);
			name = "Check Pods Manifest.lock";
			outputPaths = (
			);
			runOnlyForDeploymentPostprocessing = 0;
			shellPath = /bin/sh;
			shellScript = "diff \"${PODS_ROOT}/../Podfile.lock\" \"${PODS_ROOT}/Manifest.lock\" > /dev/null\nif [[ $? != 0 ]] ; then\n    cat << EOM\nerror: The sandbox is not in sync with the Podfile.lock. Run 'pod install' or update your CocoaPods installation.\nEOM\n    exit 1\nfi\n";
			showEnvVarsInLog = 0;
		};
/* End PBXShellScriptBuildPhase section */

/* Begin PBXSourcesBuildPhase section */
		F2EC4ADC1C7D826200FD4ACE /* Sources */ = {
			isa = PBXSourcesBuildPhase;
			buildActionMask = 2147483647;
			files = (
				F244B8641C7D8BFC00421236 /* AnimationTableViewController.m in Sources */,
				F2F409401C8E63F10007D73D /* CoreTextData.m in Sources */,
				F2D9E14A1C87D3A000DD6409 /* UIView+PTView.m in Sources */,
				F252F86D1C8D5CE100680CBA /* DrawTextTableViewController.m in Sources */,
				F2EC4AE81C7D826200FD4ACE /* AppDelegate.m in Sources */,
				F2EC4AE51C7D826200FD4ACE /* main.m in Sources */,
				F27D5F361C8529F100CBE9FD /* PTWeiboMenuView.m in Sources */,
				F2F4093D1C8E63CF0007D73D /* PTFrameParser.m in Sources */,
				F244B85F1C7D85BC00421236 /* MainTableViewController.m in Sources */,
				F244B8681C7D8DD800421236 /* TaoBaoPopViewController.m in Sources */,
				F2F409371C8E607C0007D73D /* PTDisplayView.m in Sources */,
				F244B86B1C7D8E9200421236 /* UIViewController+PopAnimation.m in Sources */,
				F2FAF6C01C9F93B900200FC1 /* NSAttributedString+PTNSAttributedString.m in Sources */,
				F2F4093A1C8E63BD0007D73D /* PTFrameParserConfig.m in Sources */,
				F2C8DEE01C843B3E0050CD8F /* NSTimer+PTTimer.m in Sources */,
				F27D5F331C85293C00CBE9FD /* WeiboPopViewController.m in Sources */,
				F252F86A1C8D5B0800680CBA /* CoreTextViewController.m in Sources */,
			);
			runOnlyForDeploymentPostprocessing = 0;
		};
		F2EC4AEF1C7D826200FD4ACE /* Sources */ = {
			isa = PBXSourcesBuildPhase;
			buildActionMask = 2147483647;
			files = (
				F2EC4AF81C7D826200FD4ACE /* PTKitTests.m in Sources */,
			);
			runOnlyForDeploymentPostprocessing = 0;
		};
		F2EC4AFA1C7D826200FD4ACE /* Sources */ = {
			isa = PBXSourcesBuildPhase;
			buildActionMask = 2147483647;
			files = (
				F2EC4B031C7D826200FD4ACE /* PTKitUITests.m in Sources */,
			);
			runOnlyForDeploymentPostprocessing = 0;
		};
/* End PBXSourcesBuildPhase section */

/* Begin PBXTargetDependency section */
		F2EC4AF51C7D826200FD4ACE /* PBXTargetDependency */ = {
			isa = PBXTargetDependency;
			target = F2EC4ADF1C7D826200FD4ACE /* PTKit */;
			targetProxy = F2EC4AF41C7D826200FD4ACE /* PBXContainerItemProxy */;
		};
		F2EC4B001C7D826200FD4ACE /* PBXTargetDependency */ = {
			isa = PBXTargetDependency;
			target = F2EC4ADF1C7D826200FD4ACE /* PTKit */;
			targetProxy = F2EC4AFF1C7D826200FD4ACE /* PBXContainerItemProxy */;
		};
/* End PBXTargetDependency section */

/* Begin PBXVariantGroup section */
		F2EC4AEB1C7D826200FD4ACE /* LaunchScreen.storyboard */ = {
			isa = PBXVariantGroup;
			children = (
				F2EC4AEC1C7D826200FD4ACE /* Base */,
			);
			name = LaunchScreen.storyboard;
			sourceTree = "<group>";
		};
/* End PBXVariantGroup section */

/* Begin XCBuildConfiguration section */
		F2EC4B051C7D826200FD4ACE /* Debug */ = {
			isa = XCBuildConfiguration;
			buildSettings = {
				ALWAYS_SEARCH_USER_PATHS = NO;
				CLANG_CXX_LANGUAGE_STANDARD = "gnu++0x";
				CLANG_CXX_LIBRARY = "libc++";
				CLANG_ENABLE_MODULES = YES;
				CLANG_ENABLE_OBJC_ARC = YES;
				CLANG_WARN_BOOL_CONVERSION = YES;
				CLANG_WARN_CONSTANT_CONVERSION = YES;
				CLANG_WARN_DIRECT_OBJC_ISA_USAGE = YES_ERROR;
				CLANG_WARN_EMPTY_BODY = YES;
				CLANG_WARN_ENUM_CONVERSION = YES;
				CLANG_WARN_INT_CONVERSION = YES;
				CLANG_WARN_OBJC_ROOT_CLASS = YES_ERROR;
				CLANG_WARN_UNREACHABLE_CODE = YES;
				CLANG_WARN__DUPLICATE_METHOD_MATCH = YES;
				"CODE_SIGN_IDENTITY[sdk=iphoneos*]" = "iPhone Developer";
				COPY_PHASE_STRIP = NO;
				DEBUG_INFORMATION_FORMAT = dwarf;
				ENABLE_STRICT_OBJC_MSGSEND = YES;
				ENABLE_TESTABILITY = YES;
				GCC_C_LANGUAGE_STANDARD = gnu99;
				GCC_DYNAMIC_NO_PIC = NO;
				GCC_NO_COMMON_BLOCKS = YES;
				GCC_OPTIMIZATION_LEVEL = 0;
				GCC_PREPROCESSOR_DEFINITIONS = (
					"DEBUG=1",
					"$(inherited)",
				);
				GCC_WARN_64_TO_32_BIT_CONVERSION = YES;
				GCC_WARN_ABOUT_RETURN_TYPE = YES_ERROR;
				GCC_WARN_UNDECLARED_SELECTOR = YES;
				GCC_WARN_UNINITIALIZED_AUTOS = YES_AGGRESSIVE;
				GCC_WARN_UNUSED_FUNCTION = YES;
				GCC_WARN_UNUSED_VARIABLE = YES;
				IPHONEOS_DEPLOYMENT_TARGET = 9.2;
				MTL_ENABLE_DEBUG_INFO = YES;
				ONLY_ACTIVE_ARCH = YES;
				SDKROOT = iphoneos;
			};
			name = Debug;
		};
		F2EC4B061C7D826200FD4ACE /* Release */ = {
			isa = XCBuildConfiguration;
			buildSettings = {
				ALWAYS_SEARCH_USER_PATHS = NO;
				CLANG_CXX_LANGUAGE_STANDARD = "gnu++0x";
				CLANG_CXX_LIBRARY = "libc++";
				CLANG_ENABLE_MODULES = YES;
				CLANG_ENABLE_OBJC_ARC = YES;
				CLANG_WARN_BOOL_CONVERSION = YES;
				CLANG_WARN_CONSTANT_CONVERSION = YES;
				CLANG_WARN_DIRECT_OBJC_ISA_USAGE = YES_ERROR;
				CLANG_WARN_EMPTY_BODY = YES;
				CLANG_WARN_ENUM_CONVERSION = YES;
				CLANG_WARN_INT_CONVERSION = YES;
				CLANG_WARN_OBJC_ROOT_CLASS = YES_ERROR;
				CLANG_WARN_UNREACHABLE_CODE = YES;
				CLANG_WARN__DUPLICATE_METHOD_MATCH = YES;
				"CODE_SIGN_IDENTITY[sdk=iphoneos*]" = "iPhone Developer";
				COPY_PHASE_STRIP = NO;
				DEBUG_INFORMATION_FORMAT = "dwarf-with-dsym";
				ENABLE_NS_ASSERTIONS = NO;
				ENABLE_STRICT_OBJC_MSGSEND = YES;
				GCC_C_LANGUAGE_STANDARD = gnu99;
				GCC_NO_COMMON_BLOCKS = YES;
				GCC_WARN_64_TO_32_BIT_CONVERSION = YES;
				GCC_WARN_ABOUT_RETURN_TYPE = YES_ERROR;
				GCC_WARN_UNDECLARED_SELECTOR = YES;
				GCC_WARN_UNINITIALIZED_AUTOS = YES_AGGRESSIVE;
				GCC_WARN_UNUSED_FUNCTION = YES;
				GCC_WARN_UNUSED_VARIABLE = YES;
				IPHONEOS_DEPLOYMENT_TARGET = 9.2;
				MTL_ENABLE_DEBUG_INFO = NO;
				SDKROOT = iphoneos;
				VALIDATE_PRODUCT = YES;
			};
			name = Release;
		};
		F2EC4B081C7D826200FD4ACE /* Debug */ = {
			isa = XCBuildConfiguration;
			baseConfigurationReference = 365AB0F9229934289DBCBCBC /* Pods.debug.xcconfig */;
			buildSettings = {
				ASSETCATALOG_COMPILER_APPICON_NAME = AppIcon;
				INFOPLIST_FILE = PTKit/Info.plist;
				LD_RUNPATH_SEARCH_PATHS = "$(inherited) @executable_path/Frameworks";
				LIBRARY_SEARCH_PATHS = (
					"$(inherited)",
					"$(PROJECT_DIR)/build/Debug-iphoneos",
				);
				PRODUCT_BUNDLE_IDENTIFIER = PT.PTKit;
				PRODUCT_NAME = "$(TARGET_NAME)";
			};
			name = Debug;
		};
		F2EC4B091C7D826200FD4ACE /* Release */ = {
			isa = XCBuildConfiguration;
			baseConfigurationReference = 7A456CB0385D2A72001F6116 /* Pods.release.xcconfig */;
			buildSettings = {
				ASSETCATALOG_COMPILER_APPICON_NAME = AppIcon;
				INFOPLIST_FILE = PTKit/Info.plist;
				LD_RUNPATH_SEARCH_PATHS = "$(inherited) @executable_path/Frameworks";
				LIBRARY_SEARCH_PATHS = (
					"$(inherited)",
					"$(PROJECT_DIR)/build/Debug-iphoneos",
				);
				PRODUCT_BUNDLE_IDENTIFIER = PT.PTKit;
				PRODUCT_NAME = "$(TARGET_NAME)";
			};
			name = Release;
		};
		F2EC4B0B1C7D826200FD4ACE /* Debug */ = {
			isa = XCBuildConfiguration;
			buildSettings = {
				BUNDLE_LOADER = "$(TEST_HOST)";
				INFOPLIST_FILE = PTKitTests/Info.plist;
				LD_RUNPATH_SEARCH_PATHS = "$(inherited) @executable_path/Frameworks @loader_path/Frameworks";
				PRODUCT_BUNDLE_IDENTIFIER = PT.PTKitTests;
				PRODUCT_NAME = "$(TARGET_NAME)";
				TEST_HOST = "$(BUILT_PRODUCTS_DIR)/PTKit.app/PTKit";
			};
			name = Debug;
		};
		F2EC4B0C1C7D826200FD4ACE /* Release */ = {
			isa = XCBuildConfiguration;
			buildSettings = {
				BUNDLE_LOADER = "$(TEST_HOST)";
				INFOPLIST_FILE = PTKitTests/Info.plist;
				LD_RUNPATH_SEARCH_PATHS = "$(inherited) @executable_path/Frameworks @loader_path/Frameworks";
				PRODUCT_BUNDLE_IDENTIFIER = PT.PTKitTests;
				PRODUCT_NAME = "$(TARGET_NAME)";
				TEST_HOST = "$(BUILT_PRODUCTS_DIR)/PTKit.app/PTKit";
			};
			name = Release;
		};
		F2EC4B0E1C7D826200FD4ACE /* Debug */ = {
			isa = XCBuildConfiguration;
			buildSettings = {
				INFOPLIST_FILE = PTKitUITests/Info.plist;
				LD_RUNPATH_SEARCH_PATHS = "$(inherited) @executable_path/Frameworks @loader_path/Frameworks";
				PRODUCT_BUNDLE_IDENTIFIER = PT.PTKitUITests;
				PRODUCT_NAME = "$(TARGET_NAME)";
				TEST_TARGET_NAME = PTKit;
				USES_XCTRUNNER = YES;
			};
			name = Debug;
		};
		F2EC4B0F1C7D826200FD4ACE /* Release */ = {
			isa = XCBuildConfiguration;
			buildSettings = {
				INFOPLIST_FILE = PTKitUITests/Info.plist;
				LD_RUNPATH_SEARCH_PATHS = "$(inherited) @executable_path/Frameworks @loader_path/Frameworks";
				PRODUCT_BUNDLE_IDENTIFIER = PT.PTKitUITests;
				PRODUCT_NAME = "$(TARGET_NAME)";
				TEST_TARGET_NAME = PTKit;
				USES_XCTRUNNER = YES;
			};
			name = Release;
		};
/* End XCBuildConfiguration section */

/* Begin XCConfigurationList section */
		F2EC4ADB1C7D826200FD4ACE /* Build configuration list for PBXProject "PTKit" */ = {
			isa = XCConfigurationList;
			buildConfigurations = (
				F2EC4B051C7D826200FD4ACE /* Debug */,
				F2EC4B061C7D826200FD4ACE /* Release */,
			);
			defaultConfigurationIsVisible = 0;
			defaultConfigurationName = Release;
		};
		F2EC4B071C7D826200FD4ACE /* Build configuration list for PBXNativeTarget "PTKit" */ = {
			isa = XCConfigurationList;
			buildConfigurations = (
				F2EC4B081C7D826200FD4ACE /* Debug */,
				F2EC4B091C7D826200FD4ACE /* Release */,
			);
			defaultConfigurationIsVisible = 0;
			defaultConfigurationName = Release;
		};
		F2EC4B0A1C7D826200FD4ACE /* Build configuration list for PBXNativeTarget "PTKitTests" */ = {
			isa = XCConfigurationList;
			buildConfigurations = (
				F2EC4B0B1C7D826200FD4ACE /* Debug */,
				F2EC4B0C1C7D826200FD4ACE /* Release */,
			);
			defaultConfigurationIsVisible = 0;
			defaultConfigurationName = Release;
		};
		F2EC4B0D1C7D826200FD4ACE /* Build configuration list for PBXNativeTarget "PTKitUITests" */ = {
			isa = XCConfigurationList;
			buildConfigurations = (
				F2EC4B0E1C7D826200FD4ACE /* Debug */,
				F2EC4B0F1C7D826200FD4ACE /* Release */,
			);
			defaultConfigurationIsVisible = 0;
			defaultConfigurationName = Release;
		};
/* End XCConfigurationList section */
	};
	rootObject = F2EC4AD81C7D826200FD4ACE /* Project object */;
}
