// !$*UTF8*$!
{
	archiveVersion = 1;
	classes = {
	};
	objectVersion = 46;
	objects = {

/* Begin PBXBuildFile section */
		E5F89BD6830CA88E52F2E47D /* libPods.a in Frameworks */ = {isa = PBXBuildFile; fileRef = BC81E4E5B5FF479CD175EB08 /* libPods.a */; };
		F23FB2291CA44AB300A2D401 /* PTLabel.m in Sources */ = {isa = PBXBuildFile; fileRef = F23FB2281CA44AB300A2D401 /* PTLabel.m */; };
		F244B85F1C7D85BC00421236 /* MainTableViewController.m in Sources */ = {isa = PBXBuildFile; fileRef = F244B85E1C7D85BC00421236 /* MainTableViewController.m */; };
		F244B8611C7D87EA00421236 /* libAFNetworking.a in Frameworks */ = {isa = PBXBuildFile; fileRef = F244B8601C7D87EA00421236 /* libAFNetworking.a */; settings = {ATTRIBUTES = (Required, ); }; };
		F244B8641C7D8BFC00421236 /* AnimationTableViewController.m in Sources */ = {isa = PBXBuildFile; fileRef = F244B8631C7D8BFC00421236 /* AnimationTableViewController.m */; };
		F244B8681C7D8DD800421236 /* TaoBaoPopViewController.m in Sources */ = {isa = PBXBuildFile; fileRef = F244B8671C7D8DD800421236 /* TaoBaoPopViewController.m */; };
		F244B86B1C7D8E9200421236 /* UIViewController+PopAnimation.m in Sources */ = {isa = PBXBuildFile; fileRef = F244B86A1C7D8E9200421236 /* UIViewController+PopAnimation.m */; };
		F252F86A1C8D5B0800680CBA /* CoreTextViewController.m in Sources */ = {isa = PBXBuildFile; fileRef = F252F8691C8D5B0800680CBA /* CoreTextViewController.m */; };
		F252F86D1C8D5CE100680CBA /* DrawTextTableViewController.m in Sources */ = {isa = PBXBuildFile; fileRef = F252F86C1C8D5CE100680CBA /* DrawTextTableViewController.m */; };
		F254554A1D7E9E0800A75FC7 /* MovieTableViewController.m in Sources */ = {isa = PBXBuildFile; fileRef = F25455491D7E9E0800A75FC7 /* MovieTableViewController.m */; };
		F254554E1D7EC6AC00A75FC7 /* PTDecoder.m in Sources */ = {isa = PBXBuildFile; fileRef = F254554D1D7EC6AC00A75FC7 /* PTDecoder.m */; };
		F27D5F331C85293C00CBE9FD /* WeiboPopViewController.m in Sources */ = {isa = PBXBuildFile; fileRef = F27D5F321C85293C00CBE9FD /* WeiboPopViewController.m */; };
		F27D5F361C8529F100CBE9FD /* PTWeiboMenuView.m in Sources */ = {isa = PBXBuildFile; fileRef = F27D5F351C8529F100CBE9FD /* PTWeiboMenuView.m */; };
		F28469D51CA50FE400E64CFA /* PTTextLayout.m in Sources */ = {isa = PBXBuildFile; fileRef = F28469D41CA50FE400E64CFA /* PTTextLayout.m */; };
		F28469D81CA513BD00E64CFA /* PTTextParser.m in Sources */ = {isa = PBXBuildFile; fileRef = F28469D71CA513BD00E64CFA /* PTTextParser.m */; };
		F2A6C0E71CAD01DB00A57E13 /* PTDisplayLayer.m in Sources */ = {isa = PBXBuildFile; fileRef = F2A6C0E61CAD01DB00A57E13 /* PTDisplayLayer.m */; };
		F2B299651D8E26540052C2F9 /* PTMovieGLView.m in Sources */ = {isa = PBXBuildFile; fileRef = F2B299641D8E26540052C2F9 /* PTMovieGLView.m */; };
		F2B2996C1D8E6FAA0052C2F9 /* NetWorkTableViewController.m in Sources */ = {isa = PBXBuildFile; fileRef = F2B2996B1D8E6FAA0052C2F9 /* NetWorkTableViewController.m */; };
		F2B299701D8E708B0052C2F9 /* ServerViewController.m in Sources */ = {isa = PBXBuildFile; fileRef = F2B2996E1D8E708B0052C2F9 /* ServerViewController.m */; };
		F2B299711D8E708B0052C2F9 /* ServerViewController.xib in Resources */ = {isa = PBXBuildFile; fileRef = F2B2996F1D8E708B0052C2F9 /* ServerViewController.xib */; };
		F2B299751D8E70A20052C2F9 /* ClientViewController.m in Sources */ = {isa = PBXBuildFile; fileRef = F2B299731D8E70A20052C2F9 /* ClientViewController.m */; };
		F2B299761D8E70A20052C2F9 /* ClientViewController.xib in Resources */ = {isa = PBXBuildFile; fileRef = F2B299741D8E70A20052C2F9 /* ClientViewController.xib */; };
		F2C653FA1D990E6400529460 /* libx264.a in Frameworks */ = {isa = PBXBuildFile; fileRef = F2C653F91D990E6400529460 /* libx264.a */; };
		F2C8DEE01C843B3E0050CD8F /* NSTimer+PTTimer.m in Sources */ = {isa = PBXBuildFile; fileRef = F2C8DEDF1C843B3E0050CD8F /* NSTimer+PTTimer.m */; };
		F2CD57B61CDB3C180004A0BB /* CoreMedia.framework in Frameworks */ = {isa = PBXBuildFile; fileRef = F2CD57B51CDB3C180004A0BB /* CoreMedia.framework */; };
		F2CD57B81CDB3C2B0004A0BB /* AVFoundation.framework in Frameworks */ = {isa = PBXBuildFile; fileRef = F2CD57B71CDB3C2B0004A0BB /* AVFoundation.framework */; };
		F2CD57BA1CDB3C690004A0BB /* UIKit.framework in Frameworks */ = {isa = PBXBuildFile; fileRef = F2CD57B91CDB3C690004A0BB /* UIKit.framework */; };
		F2CD57BC1CDB3C700004A0BB /* Foundation.framework in Frameworks */ = {isa = PBXBuildFile; fileRef = F2CD57BB1CDB3C700004A0BB /* Foundation.framework */; };
		F2CD58311CDB3ED90004A0BB /* libavcodec.a in Frameworks */ = {isa = PBXBuildFile; fileRef = F2CD582A1CDB3ED90004A0BB /* libavcodec.a */; };
		F2CD58321CDB3ED90004A0BB /* libavdevice.a in Frameworks */ = {isa = PBXBuildFile; fileRef = F2CD582B1CDB3ED90004A0BB /* libavdevice.a */; };
		F2CD58331CDB3ED90004A0BB /* libavfilter.a in Frameworks */ = {isa = PBXBuildFile; fileRef = F2CD582C1CDB3ED90004A0BB /* libavfilter.a */; };
		F2CD58341CDB3ED90004A0BB /* libavformat.a in Frameworks */ = {isa = PBXBuildFile; fileRef = F2CD582D1CDB3ED90004A0BB /* libavformat.a */; };
		F2CD58351CDB3ED90004A0BB /* libavutil.a in Frameworks */ = {isa = PBXBuildFile; fileRef = F2CD582E1CDB3ED90004A0BB /* libavutil.a */; };
		F2CD58361CDB3ED90004A0BB /* libswresample.a in Frameworks */ = {isa = PBXBuildFile; fileRef = F2CD582F1CDB3ED90004A0BB /* libswresample.a */; };
		F2CD58371CDB3ED90004A0BB /* libswscale.a in Frameworks */ = {isa = PBXBuildFile; fileRef = F2CD58301CDB3ED90004A0BB /* libswscale.a */; };
		F2CD58391CDB3F1B0004A0BB /* libiconv.tbd in Frameworks */ = {isa = PBXBuildFile; fileRef = F2CD58381CDB3F1B0004A0BB /* libiconv.tbd */; };
		F2CD583B1CDB3F770004A0BB /* libz.tbd in Frameworks */ = {isa = PBXBuildFile; fileRef = F2CD583A1CDB3F770004A0BB /* libz.tbd */; };
		F2CD583D1CDB3F8D0004A0BB /* libbz2.tbd in Frameworks */ = {isa = PBXBuildFile; fileRef = F2CD583C1CDB3F8D0004A0BB /* libbz2.tbd */; };
		F2D03D1A1D7FB10000DAF199 /* VideoToolbox.framework in Frameworks */ = {isa = PBXBuildFile; fileRef = F2E3F1221D7FADF50021F18D /* VideoToolbox.framework */; };
		F2D9E14A1C87D3A000DD6409 /* UIView+PTView.m in Sources */ = {isa = PBXBuildFile; fileRef = F2D9E1491C87D3A000DD6409 /* UIView+PTView.m */; };
		F2E3F1211D7FA38A0021F18D /* PTPlayerViewController.m in Sources */ = {isa = PBXBuildFile; fileRef = F2E3F1201D7FA38A0021F18D /* PTPlayerViewController.m */; };
		F2EC4AE51C7D826200FD4ACE /* main.m in Sources */ = {isa = PBXBuildFile; fileRef = F2EC4AE41C7D826200FD4ACE /* main.m */; };
		F2EC4AE81C7D826200FD4ACE /* AppDelegate.m in Sources */ = {isa = PBXBuildFile; fileRef = F2EC4AE71C7D826200FD4ACE /* AppDelegate.m */; };
		F2EC4AEA1C7D826200FD4ACE /* Assets.xcassets in Resources */ = {isa = PBXBuildFile; fileRef = F2EC4AE91C7D826200FD4ACE /* Assets.xcassets */; };
		F2EC4AED1C7D826200FD4ACE /* LaunchScreen.storyboard in Resources */ = {isa = PBXBuildFile; fileRef = F2EC4AEB1C7D826200FD4ACE /* LaunchScreen.storyboard */; };
		F2EC4AF81C7D826200FD4ACE /* PTKitTests.m in Sources */ = {isa = PBXBuildFile; fileRef = F2EC4AF71C7D826200FD4ACE /* PTKitTests.m */; };
		F2EC4B031C7D826200FD4ACE /* PTKitUITests.m in Sources */ = {isa = PBXBuildFile; fileRef = F2EC4B021C7D826200FD4ACE /* PTKitUITests.m */; };
		F2EFACAA1CC8755600609DB9 /* PTTextLine.m in Sources */ = {isa = PBXBuildFile; fileRef = F2EFACA91CC8755600609DB9 /* PTTextLine.m */; };
		F2F409371C8E607C0007D73D /* PTDisplayView.m in Sources */ = {isa = PBXBuildFile; fileRef = F2F409361C8E607C0007D73D /* PTDisplayView.m */; };
		F2F4093A1C8E63BD0007D73D /* PTFrameParserConfig.m in Sources */ = {isa = PBXBuildFile; fileRef = F2F409391C8E63BD0007D73D /* PTFrameParserConfig.m */; };
		F2F4093D1C8E63CF0007D73D /* PTFrameParser.m in Sources */ = {isa = PBXBuildFile; fileRef = F2F4093C1C8E63CF0007D73D /* PTFrameParser.m */; };
		F2F409401C8E63F10007D73D /* CoreTextData.m in Sources */ = {isa = PBXBuildFile; fileRef = F2F4093F1C8E63F10007D73D /* CoreTextData.m */; };
		F2FAF6C01C9F93B900200FC1 /* NSAttributedString+PTNSAttributedString.m in Sources */ = {isa = PBXBuildFile; fileRef = F2FAF6BF1C9F93B900200FC1 /* NSAttributedString+PTNSAttributedString.m */; };
/* End PBXBuildFile section */

/* Begin PBXContainerItemProxy section */
		F2EC4AF41C7D826200FD4ACE /* PBXContainerItemProxy */ = {
			isa = PBXContainerItemProxy;
			containerPortal = F2EC4AD81C7D826200FD4ACE /* Project object */;
			proxyType = 1;
			remoteGlobalIDString = F2EC4ADF1C7D826200FD4ACE;
			remoteInfo = PTKit;
		};
		F2EC4AFF1C7D826200FD4ACE /* PBXContainerItemProxy */ = {
			isa = PBXContainerItemProxy;
			containerPortal = F2EC4AD81C7D826200FD4ACE /* Project object */;
			proxyType = 1;
			remoteGlobalIDString = F2EC4ADF1C7D826200FD4ACE;
			remoteInfo = PTKit;
		};
/* End PBXContainerItemProxy section */

/* Begin PBXFileReference section */
		365AB0F9229934289DBCBCBC /* Pods.debug.xcconfig */ = {isa = PBXFileReference; includeInIndex = 1; lastKnownFileType = text.xcconfig; name = Pods.debug.xcconfig; path = "Pods/Target Support Files/Pods/Pods.debug.xcconfig"; sourceTree = "<group>"; };
		7A456CB0385D2A72001F6116 /* Pods.release.xcconfig */ = {isa = PBXFileReference; includeInIndex = 1; lastKnownFileType = text.xcconfig; name = Pods.release.xcconfig; path = "Pods/Target Support Files/Pods/Pods.release.xcconfig"; sourceTree = "<group>"; };
		BC81E4E5B5FF479CD175EB08 /* libPods.a */ = {isa = PBXFileReference; explicitFileType = archive.ar; includeInIndex = 0; path = libPods.a; sourceTree = BUILT_PRODUCTS_DIR; };
		F23FB2271CA44AB300A2D401 /* PTLabel.h */ = {isa = PBXFileReference; fileEncoding = 4; lastKnownFileType = sourcecode.c.h; path = PTLabel.h; sourceTree = "<group>"; };
		F23FB2281CA44AB300A2D401 /* PTLabel.m */ = {isa = PBXFileReference; fileEncoding = 4; lastKnownFileType = sourcecode.c.objc; path = PTLabel.m; sourceTree = "<group>"; };
		F244B85D1C7D85BC00421236 /* MainTableViewController.h */ = {isa = PBXFileReference; fileEncoding = 4; lastKnownFileType = sourcecode.c.h; path = MainTableViewController.h; sourceTree = "<group>"; };
		F244B85E1C7D85BC00421236 /* MainTableViewController.m */ = {isa = PBXFileReference; fileEncoding = 4; lastKnownFileType = sourcecode.c.objc; path = MainTableViewController.m; sourceTree = "<group>"; };
		F244B8601C7D87EA00421236 /* libAFNetworking.a */ = {isa = PBXFileReference; lastKnownFileType = archive.ar; name = libAFNetworking.a; path = "Pods/../build/Debug-iphoneos/libAFNetworking.a"; sourceTree = "<group>"; };
		F244B8621C7D8BFC00421236 /* AnimationTableViewController.h */ = {isa = PBXFileReference; fileEncoding = 4; lastKnownFileType = sourcecode.c.h; path = AnimationTableViewController.h; sourceTree = "<group>"; };
		F244B8631C7D8BFC00421236 /* AnimationTableViewController.m */ = {isa = PBXFileReference; fileEncoding = 4; lastKnownFileType = sourcecode.c.objc; path = AnimationTableViewController.m; sourceTree = "<group>"; };
		F244B8661C7D8DD800421236 /* TaoBaoPopViewController.h */ = {isa = PBXFileReference; fileEncoding = 4; lastKnownFileType = sourcecode.c.h; path = TaoBaoPopViewController.h; sourceTree = "<group>"; };
		F244B8671C7D8DD800421236 /* TaoBaoPopViewController.m */ = {isa = PBXFileReference; fileEncoding = 4; lastKnownFileType = sourcecode.c.objc; path = TaoBaoPopViewController.m; sourceTree = "<group>"; };
		F244B8691C7D8E9200421236 /* UIViewController+PopAnimation.h */ = {isa = PBXFileReference; fileEncoding = 4; lastKnownFileType = sourcecode.c.h; path = "UIViewController+PopAnimation.h"; sourceTree = "<group>"; };
		F244B86A1C7D8E9200421236 /* UIViewController+PopAnimation.m */ = {isa = PBXFileReference; fileEncoding = 4; lastKnownFileType = sourcecode.c.objc; path = "UIViewController+PopAnimation.m"; sourceTree = "<group>"; };
		F252F8681C8D5B0800680CBA /* CoreTextViewController.h */ = {isa = PBXFileReference; fileEncoding = 4; lastKnownFileType = sourcecode.c.h; path = CoreTextViewController.h; sourceTree = "<group>"; };
		F252F8691C8D5B0800680CBA /* CoreTextViewController.m */ = {isa = PBXFileReference; fileEncoding = 4; lastKnownFileType = sourcecode.c.objc; path = CoreTextViewController.m; sourceTree = "<group>"; };
		F252F86B1C8D5CE100680CBA /* DrawTextTableViewController.h */ = {isa = PBXFileReference; fileEncoding = 4; lastKnownFileType = sourcecode.c.h; path = DrawTextTableViewController.h; sourceTree = "<group>"; };
		F252F86C1C8D5CE100680CBA /* DrawTextTableViewController.m */ = {isa = PBXFileReference; fileEncoding = 4; lastKnownFileType = sourcecode.c.objc; path = DrawTextTableViewController.m; sourceTree = "<group>"; };
		F25455481D7E9E0800A75FC7 /* MovieTableViewController.h */ = {isa = PBXFileReference; fileEncoding = 4; lastKnownFileType = sourcecode.c.h; path = MovieTableViewController.h; sourceTree = "<group>"; };
		F25455491D7E9E0800A75FC7 /* MovieTableViewController.m */ = {isa = PBXFileReference; fileEncoding = 4; lastKnownFileType = sourcecode.c.objc; path = MovieTableViewController.m; sourceTree = "<group>"; };
		F254554C1D7EC6AC00A75FC7 /* PTDecoder.h */ = {isa = PBXFileReference; fileEncoding = 4; lastKnownFileType = sourcecode.c.h; path = PTDecoder.h; sourceTree = "<group>"; };
		F254554D1D7EC6AC00A75FC7 /* PTDecoder.m */ = {isa = PBXFileReference; fileEncoding = 4; lastKnownFileType = sourcecode.c.objc; path = PTDecoder.m; sourceTree = "<group>"; };
		F27D5F311C85293C00CBE9FD /* WeiboPopViewController.h */ = {isa = PBXFileReference; fileEncoding = 4; lastKnownFileType = sourcecode.c.h; path = WeiboPopViewController.h; sourceTree = "<group>"; };
		F27D5F321C85293C00CBE9FD /* WeiboPopViewController.m */ = {isa = PBXFileReference; fileEncoding = 4; lastKnownFileType = sourcecode.c.objc; path = WeiboPopViewController.m; sourceTree = "<group>"; };
		F27D5F341C8529F100CBE9FD /* PTWeiboMenuView.h */ = {isa = PBXFileReference; fileEncoding = 4; lastKnownFileType = sourcecode.c.h; path = PTWeiboMenuView.h; sourceTree = "<group>"; };
		F27D5F351C8529F100CBE9FD /* PTWeiboMenuView.m */ = {isa = PBXFileReference; fileEncoding = 4; lastKnownFileType = sourcecode.c.objc; path = PTWeiboMenuView.m; sourceTree = "<group>"; };
		F28469D31CA50FE400E64CFA /* PTTextLayout.h */ = {isa = PBXFileReference; fileEncoding = 4; lastKnownFileType = sourcecode.c.h; path = PTTextLayout.h; sourceTree = "<group>"; };
		F28469D41CA50FE400E64CFA /* PTTextLayout.m */ = {isa = PBXFileReference; fileEncoding = 4; lastKnownFileType = sourcecode.c.objc; path = PTTextLayout.m; sourceTree = "<group>"; };
		F28469D61CA513BD00E64CFA /* PTTextParser.h */ = {isa = PBXFileReference; fileEncoding = 4; lastKnownFileType = sourcecode.c.h; path = PTTextParser.h; sourceTree = "<group>"; };
		F28469D71CA513BD00E64CFA /* PTTextParser.m */ = {isa = PBXFileReference; fileEncoding = 4; lastKnownFileType = sourcecode.c.objc; path = PTTextParser.m; sourceTree = "<group>"; };
		F28D3DE81C7FFFE900F4337F /* PTKit.h */ = {isa = PBXFileReference; fileEncoding = 4; lastKnownFileType = sourcecode.c.h; path = PTKit.h; sourceTree = "<group>"; };
		F2A6C0E51CAD01DB00A57E13 /* PTDisplayLayer.h */ = {isa = PBXFileReference; fileEncoding = 4; lastKnownFileType = sourcecode.c.h; path = PTDisplayLayer.h; sourceTree = "<group>"; };
		F2A6C0E61CAD01DB00A57E13 /* PTDisplayLayer.m */ = {isa = PBXFileReference; fileEncoding = 4; lastKnownFileType = sourcecode.c.objc; path = PTDisplayLayer.m; sourceTree = "<group>"; };
		F2B299631D8E26540052C2F9 /* PTMovieGLView.h */ = {isa = PBXFileReference; fileEncoding = 4; lastKnownFileType = sourcecode.c.h; path = PTMovieGLView.h; sourceTree = "<group>"; };
		F2B299641D8E26540052C2F9 /* PTMovieGLView.m */ = {isa = PBXFileReference; fileEncoding = 4; lastKnownFileType = sourcecode.c.objc; path = PTMovieGLView.m; sourceTree = "<group>"; };
		F2B2996A1D8E6FAA0052C2F9 /* NetWorkTableViewController.h */ = {isa = PBXFileReference; fileEncoding = 4; lastKnownFileType = sourcecode.c.h; path = NetWorkTableViewController.h; sourceTree = "<group>"; };
		F2B2996B1D8E6FAA0052C2F9 /* NetWorkTableViewController.m */ = {isa = PBXFileReference; fileEncoding = 4; lastKnownFileType = sourcecode.c.objc; path = NetWorkTableViewController.m; sourceTree = "<group>"; };
		F2B2996D1D8E708B0052C2F9 /* ServerViewController.h */ = {isa = PBXFileReference; fileEncoding = 4; lastKnownFileType = sourcecode.c.h; path = ServerViewController.h; sourceTree = "<group>"; };
		F2B2996E1D8E708B0052C2F9 /* ServerViewController.m */ = {isa = PBXFileReference; fileEncoding = 4; lastKnownFileType = sourcecode.c.objc; path = ServerViewController.m; sourceTree = "<group>"; };
		F2B2996F1D8E708B0052C2F9 /* ServerViewController.xib */ = {isa = PBXFileReference; fileEncoding = 4; lastKnownFileType = file.xib; path = ServerViewController.xib; sourceTree = "<group>"; };
		F2B299721D8E70A20052C2F9 /* ClientViewController.h */ = {isa = PBXFileReference; fileEncoding = 4; lastKnownFileType = sourcecode.c.h; path = ClientViewController.h; sourceTree = "<group>"; };
		F2B299731D8E70A20052C2F9 /* ClientViewController.m */ = {isa = PBXFileReference; fileEncoding = 4; lastKnownFileType = sourcecode.c.objc; path = ClientViewController.m; sourceTree = "<group>"; };
		F2B299741D8E70A20052C2F9 /* ClientViewController.xib */ = {isa = PBXFileReference; fileEncoding = 4; lastKnownFileType = file.xib; path = ClientViewController.xib; sourceTree = "<group>"; };
		F2C653F61D990E6400529460 /* x264.h */ = {isa = PBXFileReference; fileEncoding = 4; lastKnownFileType = sourcecode.c.h; path = x264.h; sourceTree = "<group>"; };
		F2C653F71D990E6400529460 /* x264_config.h */ = {isa = PBXFileReference; fileEncoding = 4; lastKnownFileType = sourcecode.c.h; path = x264_config.h; sourceTree = "<group>"; };
		F2C653F91D990E6400529460 /* libx264.a */ = {isa = PBXFileReference; lastKnownFileType = archive.ar; path = libx264.a; sourceTree = "<group>"; };
		F2C8DEDE1C843B3E0050CD8F /* NSTimer+PTTimer.h */ = {isa = PBXFileReference; fileEncoding = 4; lastKnownFileType = sourcecode.c.h; path = "NSTimer+PTTimer.h"; sourceTree = "<group>"; };
		F2C8DEDF1C843B3E0050CD8F /* NSTimer+PTTimer.m */ = {isa = PBXFileReference; fileEncoding = 4; lastKnownFileType = sourcecode.c.objc; path = "NSTimer+PTTimer.m"; sourceTree = "<group>"; };
		F2CD57B51CDB3C180004A0BB /* CoreMedia.framework */ = {isa = PBXFileReference; lastKnownFileType = wrapper.framework; name = CoreMedia.framework; path = System/Library/Frameworks/CoreMedia.framework; sourceTree = SDKROOT; };
		F2CD57B71CDB3C2B0004A0BB /* AVFoundation.framework */ = {isa = PBXFileReference; lastKnownFileType = wrapper.framework; name = AVFoundation.framework; path = System/Library/Frameworks/AVFoundation.framework; sourceTree = SDKROOT; };
		F2CD57B91CDB3C690004A0BB /* UIKit.framework */ = {isa = PBXFileReference; lastKnownFileType = wrapper.framework; name = UIKit.framework; path = System/Library/Frameworks/UIKit.framework; sourceTree = SDKROOT; };
		F2CD57BB1CDB3C700004A0BB /* Foundation.framework */ = {isa = PBXFileReference; lastKnownFileType = wrapper.framework; name = Foundation.framework; path = System/Library/Frameworks/Foundation.framework; sourceTree = SDKROOT; };
		F2CD57BD1CDB3D320004A0BB /* libc++.1.tbd */ = {isa = PBXFileReference; lastKnownFileType = "sourcecode.text-based-dylib-definition"; name = "libc++.1.tbd"; path = "usr/lib/libc++.1.tbd"; sourceTree = SDKROOT; };
		F2CD57C21CDB3ED90004A0BB /* avcodec.h */ = {isa = PBXFileReference; fileEncoding = 4; lastKnownFileType = sourcecode.c.h; path = avcodec.h; sourceTree = "<group>"; };
		F2CD57C31CDB3ED90004A0BB /* avdct.h */ = {isa = PBXFileReference; fileEncoding = 4; lastKnownFileType = sourcecode.c.h; path = avdct.h; sourceTree = "<group>"; };
		F2CD57C41CDB3ED90004A0BB /* avfft.h */ = {isa = PBXFileReference; fileEncoding = 4; lastKnownFileType = sourcecode.c.h; path = avfft.h; sourceTree = "<group>"; };
		F2CD57C51CDB3ED90004A0BB /* d3d11va.h */ = {isa = PBXFileReference; fileEncoding = 4; lastKnownFileType = sourcecode.c.h; path = d3d11va.h; sourceTree = "<group>"; };
		F2CD57C61CDB3ED90004A0BB /* dirac.h */ = {isa = PBXFileReference; fileEncoding = 4; lastKnownFileType = sourcecode.c.h; path = dirac.h; sourceTree = "<group>"; };
		F2CD57C71CDB3ED90004A0BB /* dv_profile.h */ = {isa = PBXFileReference; fileEncoding = 4; lastKnownFileType = sourcecode.c.h; path = dv_profile.h; sourceTree = "<group>"; };
		F2CD57C81CDB3ED90004A0BB /* dxva2.h */ = {isa = PBXFileReference; fileEncoding = 4; lastKnownFileType = sourcecode.c.h; path = dxva2.h; sourceTree = "<group>"; };
		F2CD57C91CDB3ED90004A0BB /* qsv.h */ = {isa = PBXFileReference; fileEncoding = 4; lastKnownFileType = sourcecode.c.h; path = qsv.h; sourceTree = "<group>"; };
		F2CD57CA1CDB3ED90004A0BB /* vaapi.h */ = {isa = PBXFileReference; fileEncoding = 4; lastKnownFileType = sourcecode.c.h; path = vaapi.h; sourceTree = "<group>"; };
		F2CD57CB1CDB3ED90004A0BB /* vda.h */ = {isa = PBXFileReference; fileEncoding = 4; lastKnownFileType = sourcecode.c.h; path = vda.h; sourceTree = "<group>"; };
		F2CD57CC1CDB3ED90004A0BB /* vdpau.h */ = {isa = PBXFileReference; fileEncoding = 4; lastKnownFileType = sourcecode.c.h; path = vdpau.h; sourceTree = "<group>"; };
		F2CD57CD1CDB3ED90004A0BB /* version.h */ = {isa = PBXFileReference; fileEncoding = 4; lastKnownFileType = sourcecode.c.h; path = version.h; sourceTree = "<group>"; };
		F2CD57CE1CDB3ED90004A0BB /* videotoolbox.h */ = {isa = PBXFileReference; fileEncoding = 4; lastKnownFileType = sourcecode.c.h; path = videotoolbox.h; sourceTree = "<group>"; };
		F2CD57CF1CDB3ED90004A0BB /* vorbis_parser.h */ = {isa = PBXFileReference; fileEncoding = 4; lastKnownFileType = sourcecode.c.h; path = vorbis_parser.h; sourceTree = "<group>"; };
		F2CD57D01CDB3ED90004A0BB /* xvmc.h */ = {isa = PBXFileReference; fileEncoding = 4; lastKnownFileType = sourcecode.c.h; path = xvmc.h; sourceTree = "<group>"; };
		F2CD57D21CDB3ED90004A0BB /* avdevice.h */ = {isa = PBXFileReference; fileEncoding = 4; lastKnownFileType = sourcecode.c.h; path = avdevice.h; sourceTree = "<group>"; };
		F2CD57D31CDB3ED90004A0BB /* version.h */ = {isa = PBXFileReference; fileEncoding = 4; lastKnownFileType = sourcecode.c.h; path = version.h; sourceTree = "<group>"; };
		F2CD57D51CDB3ED90004A0BB /* avfilter.h */ = {isa = PBXFileReference; fileEncoding = 4; lastKnownFileType = sourcecode.c.h; path = avfilter.h; sourceTree = "<group>"; };
		F2CD57D61CDB3ED90004A0BB /* avfiltergraph.h */ = {isa = PBXFileReference; fileEncoding = 4; lastKnownFileType = sourcecode.c.h; path = avfiltergraph.h; sourceTree = "<group>"; };
		F2CD57D71CDB3ED90004A0BB /* buffersink.h */ = {isa = PBXFileReference; fileEncoding = 4; lastKnownFileType = sourcecode.c.h; path = buffersink.h; sourceTree = "<group>"; };
		F2CD57D81CDB3ED90004A0BB /* buffersrc.h */ = {isa = PBXFileReference; fileEncoding = 4; lastKnownFileType = sourcecode.c.h; path = buffersrc.h; sourceTree = "<group>"; };
		F2CD57D91CDB3ED90004A0BB /* version.h */ = {isa = PBXFileReference; fileEncoding = 4; lastKnownFileType = sourcecode.c.h; path = version.h; sourceTree = "<group>"; };
		F2CD57DB1CDB3ED90004A0BB /* avformat.h */ = {isa = PBXFileReference; fileEncoding = 4; lastKnownFileType = sourcecode.c.h; path = avformat.h; sourceTree = "<group>"; };
		F2CD57DC1CDB3ED90004A0BB /* avio.h */ = {isa = PBXFileReference; fileEncoding = 4; lastKnownFileType = sourcecode.c.h; path = avio.h; sourceTree = "<group>"; };
		F2CD57DD1CDB3ED90004A0BB /* version.h */ = {isa = PBXFileReference; fileEncoding = 4; lastKnownFileType = sourcecode.c.h; path = version.h; sourceTree = "<group>"; };
		F2CD57DF1CDB3ED90004A0BB /* adler32.h */ = {isa = PBXFileReference; fileEncoding = 4; lastKnownFileType = sourcecode.c.h; path = adler32.h; sourceTree = "<group>"; };
		F2CD57E01CDB3ED90004A0BB /* aes.h */ = {isa = PBXFileReference; fileEncoding = 4; lastKnownFileType = sourcecode.c.h; path = aes.h; sourceTree = "<group>"; };
		F2CD57E11CDB3ED90004A0BB /* aes_ctr.h */ = {isa = PBXFileReference; fileEncoding = 4; lastKnownFileType = sourcecode.c.h; path = aes_ctr.h; sourceTree = "<group>"; };
		F2CD57E21CDB3ED90004A0BB /* attributes.h */ = {isa = PBXFileReference; fileEncoding = 4; lastKnownFileType = sourcecode.c.h; path = attributes.h; sourceTree = "<group>"; };
		F2CD57E31CDB3ED90004A0BB /* audio_fifo.h */ = {isa = PBXFileReference; fileEncoding = 4; lastKnownFileType = sourcecode.c.h; path = audio_fifo.h; sourceTree = "<group>"; };
		F2CD57E41CDB3ED90004A0BB /* avassert.h */ = {isa = PBXFileReference; fileEncoding = 4; lastKnownFileType = sourcecode.c.h; path = avassert.h; sourceTree = "<group>"; };
		F2CD57E51CDB3ED90004A0BB /* avconfig.h */ = {isa = PBXFileReference; fileEncoding = 4; lastKnownFileType = sourcecode.c.h; path = avconfig.h; sourceTree = "<group>"; };
		F2CD57E61CDB3ED90004A0BB /* avstring.h */ = {isa = PBXFileReference; fileEncoding = 4; lastKnownFileType = sourcecode.c.h; path = avstring.h; sourceTree = "<group>"; };
		F2CD57E71CDB3ED90004A0BB /* avutil.h */ = {isa = PBXFileReference; fileEncoding = 4; lastKnownFileType = sourcecode.c.h; path = avutil.h; sourceTree = "<group>"; };
		F2CD57E81CDB3ED90004A0BB /* base64.h */ = {isa = PBXFileReference; fileEncoding = 4; lastKnownFileType = sourcecode.c.h; path = base64.h; sourceTree = "<group>"; };
		F2CD57E91CDB3ED90004A0BB /* blowfish.h */ = {isa = PBXFileReference; fileEncoding = 4; lastKnownFileType = sourcecode.c.h; path = blowfish.h; sourceTree = "<group>"; };
		F2CD57EA1CDB3ED90004A0BB /* bprint.h */ = {isa = PBXFileReference; fileEncoding = 4; lastKnownFileType = sourcecode.c.h; path = bprint.h; sourceTree = "<group>"; };
		F2CD57EB1CDB3ED90004A0BB /* bswap.h */ = {isa = PBXFileReference; fileEncoding = 4; lastKnownFileType = sourcecode.c.h; path = bswap.h; sourceTree = "<group>"; };
		F2CD57EC1CDB3ED90004A0BB /* buffer.h */ = {isa = PBXFileReference; fileEncoding = 4; lastKnownFileType = sourcecode.c.h; path = buffer.h; sourceTree = "<group>"; };
		F2CD57ED1CDB3ED90004A0BB /* camellia.h */ = {isa = PBXFileReference; fileEncoding = 4; lastKnownFileType = sourcecode.c.h; path = camellia.h; sourceTree = "<group>"; };
		F2CD57EE1CDB3ED90004A0BB /* cast5.h */ = {isa = PBXFileReference; fileEncoding = 4; lastKnownFileType = sourcecode.c.h; path = cast5.h; sourceTree = "<group>"; };
		F2CD57EF1CDB3ED90004A0BB /* channel_layout.h */ = {isa = PBXFileReference; fileEncoding = 4; lastKnownFileType = sourcecode.c.h; path = channel_layout.h; sourceTree = "<group>"; };
		F2CD57F01CDB3ED90004A0BB /* common.h */ = {isa = PBXFileReference; fileEncoding = 4; lastKnownFileType = sourcecode.c.h; path = common.h; sourceTree = "<group>"; };
		F2CD57F11CDB3ED90004A0BB /* cpu.h */ = {isa = PBXFileReference; fileEncoding = 4; lastKnownFileType = sourcecode.c.h; path = cpu.h; sourceTree = "<group>"; };
		F2CD57F21CDB3ED90004A0BB /* crc.h */ = {isa = PBXFileReference; fileEncoding = 4; lastKnownFileType = sourcecode.c.h; path = crc.h; sourceTree = "<group>"; };
		F2CD57F31CDB3ED90004A0BB /* des.h */ = {isa = PBXFileReference; fileEncoding = 4; lastKnownFileType = sourcecode.c.h; path = des.h; sourceTree = "<group>"; };
		F2CD57F41CDB3ED90004A0BB /* dict.h */ = {isa = PBXFileReference; fileEncoding = 4; lastKnownFileType = sourcecode.c.h; path = dict.h; sourceTree = "<group>"; };
		F2CD57F51CDB3ED90004A0BB /* display.h */ = {isa = PBXFileReference; fileEncoding = 4; lastKnownFileType = sourcecode.c.h; path = display.h; sourceTree = "<group>"; };
		F2CD57F61CDB3ED90004A0BB /* downmix_info.h */ = {isa = PBXFileReference; fileEncoding = 4; lastKnownFileType = sourcecode.c.h; path = downmix_info.h; sourceTree = "<group>"; };
		F2CD57F71CDB3ED90004A0BB /* error.h */ = {isa = PBXFileReference; fileEncoding = 4; lastKnownFileType = sourcecode.c.h; path = error.h; sourceTree = "<group>"; };
		F2CD57F81CDB3ED90004A0BB /* eval.h */ = {isa = PBXFileReference; fileEncoding = 4; lastKnownFileType = sourcecode.c.h; path = eval.h; sourceTree = "<group>"; };
		F2CD57F91CDB3ED90004A0BB /* ffversion.h */ = {isa = PBXFileReference; fileEncoding = 4; lastKnownFileType = sourcecode.c.h; path = ffversion.h; sourceTree = "<group>"; };
		F2CD57FA1CDB3ED90004A0BB /* fifo.h */ = {isa = PBXFileReference; fileEncoding = 4; lastKnownFileType = sourcecode.c.h; path = fifo.h; sourceTree = "<group>"; };
		F2CD57FB1CDB3ED90004A0BB /* file.h */ = {isa = PBXFileReference; fileEncoding = 4; lastKnownFileType = sourcecode.c.h; path = file.h; sourceTree = "<group>"; };
		F2CD57FC1CDB3ED90004A0BB /* frame.h */ = {isa = PBXFileReference; fileEncoding = 4; lastKnownFileType = sourcecode.c.h; path = frame.h; sourceTree = "<group>"; };
		F2CD57FD1CDB3ED90004A0BB /* hash.h */ = {isa = PBXFileReference; fileEncoding = 4; lastKnownFileType = sourcecode.c.h; path = hash.h; sourceTree = "<group>"; };
		F2CD57FE1CDB3ED90004A0BB /* hmac.h */ = {isa = PBXFileReference; fileEncoding = 4; lastKnownFileType = sourcecode.c.h; path = hmac.h; sourceTree = "<group>"; };
		F2CD57FF1CDB3ED90004A0BB /* imgutils.h */ = {isa = PBXFileReference; fileEncoding = 4; lastKnownFileType = sourcecode.c.h; path = imgutils.h; sourceTree = "<group>"; };
		F2CD58001CDB3ED90004A0BB /* intfloat.h */ = {isa = PBXFileReference; fileEncoding = 4; lastKnownFileType = sourcecode.c.h; path = intfloat.h; sourceTree = "<group>"; };
		F2CD58011CDB3ED90004A0BB /* intreadwrite.h */ = {isa = PBXFileReference; fileEncoding = 4; lastKnownFileType = sourcecode.c.h; path = intreadwrite.h; sourceTree = "<group>"; };
		F2CD58021CDB3ED90004A0BB /* lfg.h */ = {isa = PBXFileReference; fileEncoding = 4; lastKnownFileType = sourcecode.c.h; path = lfg.h; sourceTree = "<group>"; };
		F2CD58031CDB3ED90004A0BB /* log.h */ = {isa = PBXFileReference; fileEncoding = 4; lastKnownFileType = sourcecode.c.h; path = log.h; sourceTree = "<group>"; };
		F2CD58041CDB3ED90004A0BB /* lzo.h */ = {isa = PBXFileReference; fileEncoding = 4; lastKnownFileType = sourcecode.c.h; path = lzo.h; sourceTree = "<group>"; };
		F2CD58051CDB3ED90004A0BB /* macros.h */ = {isa = PBXFileReference; fileEncoding = 4; lastKnownFileType = sourcecode.c.h; path = macros.h; sourceTree = "<group>"; };
		F2CD58061CDB3ED90004A0BB /* mastering_display_metadata.h */ = {isa = PBXFileReference; fileEncoding = 4; lastKnownFileType = sourcecode.c.h; path = mastering_display_metadata.h; sourceTree = "<group>"; };
		F2CD58071CDB3ED90004A0BB /* mathematics.h */ = {isa = PBXFileReference; fileEncoding = 4; lastKnownFileType = sourcecode.c.h; path = mathematics.h; sourceTree = "<group>"; };
		F2CD58081CDB3ED90004A0BB /* md5.h */ = {isa = PBXFileReference; fileEncoding = 4; lastKnownFileType = sourcecode.c.h; path = md5.h; sourceTree = "<group>"; };
		F2CD58091CDB3ED90004A0BB /* mem.h */ = {isa = PBXFileReference; fileEncoding = 4; lastKnownFileType = sourcecode.c.h; path = mem.h; sourceTree = "<group>"; };
		F2CD580A1CDB3ED90004A0BB /* motion_vector.h */ = {isa = PBXFileReference; fileEncoding = 4; lastKnownFileType = sourcecode.c.h; path = motion_vector.h; sourceTree = "<group>"; };
		F2CD580B1CDB3ED90004A0BB /* murmur3.h */ = {isa = PBXFileReference; fileEncoding = 4; lastKnownFileType = sourcecode.c.h; path = murmur3.h; sourceTree = "<group>"; };
		F2CD580C1CDB3ED90004A0BB /* opt.h */ = {isa = PBXFileReference; fileEncoding = 4; lastKnownFileType = sourcecode.c.h; path = opt.h; sourceTree = "<group>"; };
		F2CD580D1CDB3ED90004A0BB /* parseutils.h */ = {isa = PBXFileReference; fileEncoding = 4; lastKnownFileType = sourcecode.c.h; path = parseutils.h; sourceTree = "<group>"; };
		F2CD580E1CDB3ED90004A0BB /* pixdesc.h */ = {isa = PBXFileReference; fileEncoding = 4; lastKnownFileType = sourcecode.c.h; path = pixdesc.h; sourceTree = "<group>"; };
		F2CD580F1CDB3ED90004A0BB /* pixelutils.h */ = {isa = PBXFileReference; fileEncoding = 4; lastKnownFileType = sourcecode.c.h; path = pixelutils.h; sourceTree = "<group>"; };
		F2CD58101CDB3ED90004A0BB /* pixfmt.h */ = {isa = PBXFileReference; fileEncoding = 4; lastKnownFileType = sourcecode.c.h; path = pixfmt.h; sourceTree = "<group>"; };
		F2CD58111CDB3ED90004A0BB /* random_seed.h */ = {isa = PBXFileReference; fileEncoding = 4; lastKnownFileType = sourcecode.c.h; path = random_seed.h; sourceTree = "<group>"; };
		F2CD58121CDB3ED90004A0BB /* rational.h */ = {isa = PBXFileReference; fileEncoding = 4; lastKnownFileType = sourcecode.c.h; path = rational.h; sourceTree = "<group>"; };
		F2CD58131CDB3ED90004A0BB /* rc4.h */ = {isa = PBXFileReference; fileEncoding = 4; lastKnownFileType = sourcecode.c.h; path = rc4.h; sourceTree = "<group>"; };
		F2CD58141CDB3ED90004A0BB /* replaygain.h */ = {isa = PBXFileReference; fileEncoding = 4; lastKnownFileType = sourcecode.c.h; path = replaygain.h; sourceTree = "<group>"; };
		F2CD58151CDB3ED90004A0BB /* ripemd.h */ = {isa = PBXFileReference; fileEncoding = 4; lastKnownFileType = sourcecode.c.h; path = ripemd.h; sourceTree = "<group>"; };
		F2CD58161CDB3ED90004A0BB /* samplefmt.h */ = {isa = PBXFileReference; fileEncoding = 4; lastKnownFileType = sourcecode.c.h; path = samplefmt.h; sourceTree = "<group>"; };
		F2CD58171CDB3ED90004A0BB /* sha.h */ = {isa = PBXFileReference; fileEncoding = 4; lastKnownFileType = sourcecode.c.h; path = sha.h; sourceTree = "<group>"; };
		F2CD58181CDB3ED90004A0BB /* sha512.h */ = {isa = PBXFileReference; fileEncoding = 4; lastKnownFileType = sourcecode.c.h; path = sha512.h; sourceTree = "<group>"; };
		F2CD58191CDB3ED90004A0BB /* stereo3d.h */ = {isa = PBXFileReference; fileEncoding = 4; lastKnownFileType = sourcecode.c.h; path = stereo3d.h; sourceTree = "<group>"; };
		F2CD581A1CDB3ED90004A0BB /* tea.h */ = {isa = PBXFileReference; fileEncoding = 4; lastKnownFileType = sourcecode.c.h; path = tea.h; sourceTree = "<group>"; };
		F2CD581B1CDB3ED90004A0BB /* threadmessage.h */ = {isa = PBXFileReference; fileEncoding = 4; lastKnownFileType = sourcecode.c.h; path = threadmessage.h; sourceTree = "<group>"; };
		F2CD581C1CDB3ED90004A0BB /* time.h */ = {isa = PBXFileReference; fileEncoding = 4; lastKnownFileType = sourcecode.c.h; path = time.h; sourceTree = "<group>"; };
		F2CD581D1CDB3ED90004A0BB /* timecode.h */ = {isa = PBXFileReference; fileEncoding = 4; lastKnownFileType = sourcecode.c.h; path = timecode.h; sourceTree = "<group>"; };
		F2CD581E1CDB3ED90004A0BB /* timestamp.h */ = {isa = PBXFileReference; fileEncoding = 4; lastKnownFileType = sourcecode.c.h; path = timestamp.h; sourceTree = "<group>"; };
		F2CD581F1CDB3ED90004A0BB /* tree.h */ = {isa = PBXFileReference; fileEncoding = 4; lastKnownFileType = sourcecode.c.h; path = tree.h; sourceTree = "<group>"; };
		F2CD58201CDB3ED90004A0BB /* twofish.h */ = {isa = PBXFileReference; fileEncoding = 4; lastKnownFileType = sourcecode.c.h; path = twofish.h; sourceTree = "<group>"; };
		F2CD58211CDB3ED90004A0BB /* version.h */ = {isa = PBXFileReference; fileEncoding = 4; lastKnownFileType = sourcecode.c.h; path = version.h; sourceTree = "<group>"; };
		F2CD58221CDB3ED90004A0BB /* xtea.h */ = {isa = PBXFileReference; fileEncoding = 4; lastKnownFileType = sourcecode.c.h; path = xtea.h; sourceTree = "<group>"; };
		F2CD58241CDB3ED90004A0BB /* swresample.h */ = {isa = PBXFileReference; fileEncoding = 4; lastKnownFileType = sourcecode.c.h; path = swresample.h; sourceTree = "<group>"; };
		F2CD58251CDB3ED90004A0BB /* version.h */ = {isa = PBXFileReference; fileEncoding = 4; lastKnownFileType = sourcecode.c.h; path = version.h; sourceTree = "<group>"; };
		F2CD58271CDB3ED90004A0BB /* swscale.h */ = {isa = PBXFileReference; fileEncoding = 4; lastKnownFileType = sourcecode.c.h; path = swscale.h; sourceTree = "<group>"; };
		F2CD58281CDB3ED90004A0BB /* version.h */ = {isa = PBXFileReference; fileEncoding = 4; lastKnownFileType = sourcecode.c.h; path = version.h; sourceTree = "<group>"; };
		F2CD582A1CDB3ED90004A0BB /* libavcodec.a */ = {isa = PBXFileReference; lastKnownFileType = archive.ar; path = libavcodec.a; sourceTree = "<group>"; };
		F2CD582B1CDB3ED90004A0BB /* libavdevice.a */ = {isa = PBXFileReference; lastKnownFileType = archive.ar; path = libavdevice.a; sourceTree = "<group>"; };
		F2CD582C1CDB3ED90004A0BB /* libavfilter.a */ = {isa = PBXFileReference; lastKnownFileType = archive.ar; path = libavfilter.a; sourceTree = "<group>"; };
		F2CD582D1CDB3ED90004A0BB /* libavformat.a */ = {isa = PBXFileReference; lastKnownFileType = archive.ar; path = libavformat.a; sourceTree = "<group>"; };
		F2CD582E1CDB3ED90004A0BB /* libavutil.a */ = {isa = PBXFileReference; lastKnownFileType = archive.ar; path = libavutil.a; sourceTree = "<group>"; };
		F2CD582F1CDB3ED90004A0BB /* libswresample.a */ = {isa = PBXFileReference; lastKnownFileType = archive.ar; path = libswresample.a; sourceTree = "<group>"; };
		F2CD58301CDB3ED90004A0BB /* libswscale.a */ = {isa = PBXFileReference; lastKnownFileType = archive.ar; path = libswscale.a; sourceTree = "<group>"; };
		F2CD58381CDB3F1B0004A0BB /* libiconv.tbd */ = {isa = PBXFileReference; lastKnownFileType = "sourcecode.text-based-dylib-definition"; name = libiconv.tbd; path = usr/lib/libiconv.tbd; sourceTree = SDKROOT; };
		F2CD583A1CDB3F770004A0BB /* libz.tbd */ = {isa = PBXFileReference; lastKnownFileType = "sourcecode.text-based-dylib-definition"; name = libz.tbd; path = usr/lib/libz.tbd; sourceTree = SDKROOT; };
		F2CD583C1CDB3F8D0004A0BB /* libbz2.tbd */ = {isa = PBXFileReference; lastKnownFileType = "sourcecode.text-based-dylib-definition"; name = libbz2.tbd; path = usr/lib/libbz2.tbd; sourceTree = SDKROOT; };
		F2D9E1481C87D3A000DD6409 /* UIView+PTView.h */ = {isa = PBXFileReference; fileEncoding = 4; lastKnownFileType = sourcecode.c.h; path = "UIView+PTView.h"; sourceTree = "<group>"; };
		F2D9E1491C87D3A000DD6409 /* UIView+PTView.m */ = {isa = PBXFileReference; fileEncoding = 4; lastKnownFileType = sourcecode.c.objc; path = "UIView+PTView.m"; sourceTree = "<group>"; };
		F2E3F11F1D7FA38A0021F18D /* PTPlayerViewController.h */ = {isa = PBXFileReference; fileEncoding = 4; lastKnownFileType = sourcecode.c.h; path = PTPlayerViewController.h; sourceTree = "<group>"; };
		F2E3F1201D7FA38A0021F18D /* PTPlayerViewController.m */ = {isa = PBXFileReference; fileEncoding = 4; lastKnownFileType = sourcecode.c.objc; path = PTPlayerViewController.m; sourceTree = "<group>"; };
		F2E3F1221D7FADF50021F18D /* VideoToolbox.framework */ = {isa = PBXFileReference; lastKnownFileType = wrapper.framework; name = VideoToolbox.framework; path = System/Library/Frameworks/VideoToolbox.framework; sourceTree = SDKROOT; };
		F2E3F1241D7FAFDC0021F18D /* MediaPlayer.framework */ = {isa = PBXFileReference; lastKnownFileType = wrapper.framework; name = MediaPlayer.framework; path = System/Library/Frameworks/MediaPlayer.framework; sourceTree = SDKROOT; };
		F2EC4AE01C7D826200FD4ACE /* PTKit.app */ = {isa = PBXFileReference; explicitFileType = wrapper.application; includeInIndex = 0; path = PTKit.app; sourceTree = BUILT_PRODUCTS_DIR; };
		F2EC4AE41C7D826200FD4ACE /* main.m */ = {isa = PBXFileReference; lastKnownFileType = sourcecode.c.objc; path = main.m; sourceTree = "<group>"; };
		F2EC4AE61C7D826200FD4ACE /* AppDelegate.h */ = {isa = PBXFileReference; lastKnownFileType = sourcecode.c.h; path = AppDelegate.h; sourceTree = "<group>"; };
		F2EC4AE71C7D826200FD4ACE /* AppDelegate.m */ = {isa = PBXFileReference; lastKnownFileType = sourcecode.c.objc; path = AppDelegate.m; sourceTree = "<group>"; };
		F2EC4AE91C7D826200FD4ACE /* Assets.xcassets */ = {isa = PBXFileReference; lastKnownFileType = folder.assetcatalog; path = Assets.xcassets; sourceTree = "<group>"; };
		F2EC4AEC1C7D826200FD4ACE /* Base */ = {isa = PBXFileReference; lastKnownFileType = file.storyboard; name = Base; path = Base.lproj/LaunchScreen.storyboard; sourceTree = "<group>"; };
		F2EC4AEE1C7D826200FD4ACE /* Info.plist */ = {isa = PBXFileReference; lastKnownFileType = text.plist.xml; path = Info.plist; sourceTree = "<group>"; };
		F2EC4AF31C7D826200FD4ACE /* PTKitTests.xctest */ = {isa = PBXFileReference; explicitFileType = wrapper.cfbundle; includeInIndex = 0; path = PTKitTests.xctest; sourceTree = BUILT_PRODUCTS_DIR; };
		F2EC4AF71C7D826200FD4ACE /* PTKitTests.m */ = {isa = PBXFileReference; lastKnownFileType = sourcecode.c.objc; path = PTKitTests.m; sourceTree = "<group>"; };
		F2EC4AF91C7D826200FD4ACE /* Info.plist */ = {isa = PBXFileReference; lastKnownFileType = text.plist.xml; path = Info.plist; sourceTree = "<group>"; };
		F2EC4AFE1C7D826200FD4ACE /* PTKitUITests.xctest */ = {isa = PBXFileReference; explicitFileType = wrapper.cfbundle; includeInIndex = 0; path = PTKitUITests.xctest; sourceTree = BUILT_PRODUCTS_DIR; };
		F2EC4B021C7D826200FD4ACE /* PTKitUITests.m */ = {isa = PBXFileReference; lastKnownFileType = sourcecode.c.objc; path = PTKitUITests.m; sourceTree = "<group>"; };
		F2EC4B041C7D826200FD4ACE /* Info.plist */ = {isa = PBXFileReference; lastKnownFileType = text.plist.xml; path = Info.plist; sourceTree = "<group>"; };
		F2EFACA81CC8755600609DB9 /* PTTextLine.h */ = {isa = PBXFileReference; fileEncoding = 4; lastKnownFileType = sourcecode.c.h; path = PTTextLine.h; sourceTree = "<group>"; };
		F2EFACA91CC8755600609DB9 /* PTTextLine.m */ = {isa = PBXFileReference; fileEncoding = 4; lastKnownFileType = sourcecode.c.objc; path = PTTextLine.m; sourceTree = "<group>"; };
		F2F409351C8E607C0007D73D /* PTDisplayView.h */ = {isa = PBXFileReference; fileEncoding = 4; lastKnownFileType = sourcecode.c.h; path = PTDisplayView.h; sourceTree = "<group>"; };
		F2F409361C8E607C0007D73D /* PTDisplayView.m */ = {isa = PBXFileReference; fileEncoding = 4; lastKnownFileType = sourcecode.c.objc; path = PTDisplayView.m; sourceTree = "<group>"; };
		F2F409381C8E63BD0007D73D /* PTFrameParserConfig.h */ = {isa = PBXFileReference; fileEncoding = 4; lastKnownFileType = sourcecode.c.h; path = PTFrameParserConfig.h; sourceTree = "<group>"; };
		F2F409391C8E63BD0007D73D /* PTFrameParserConfig.m */ = {isa = PBXFileReference; fileEncoding = 4; lastKnownFileType = sourcecode.c.objc; path = PTFrameParserConfig.m; sourceTree = "<group>"; };
		F2F4093B1C8E63CF0007D73D /* PTFrameParser.h */ = {isa = PBXFileReference; fileEncoding = 4; lastKnownFileType = sourcecode.c.h; path = PTFrameParser.h; sourceTree = "<group>"; };
		F2F4093C1C8E63CF0007D73D /* PTFrameParser.m */ = {isa = PBXFileReference; fileEncoding = 4; lastKnownFileType = sourcecode.c.objc; path = PTFrameParser.m; sourceTree = "<group>"; };
		F2F4093E1C8E63F10007D73D /* CoreTextData.h */ = {isa = PBXFileReference; fileEncoding = 4; lastKnownFileType = sourcecode.c.h; path = CoreTextData.h; sourceTree = "<group>"; };
		F2F4093F1C8E63F10007D73D /* CoreTextData.m */ = {isa = PBXFileReference; fileEncoding = 4; lastKnownFileType = sourcecode.c.objc; path = CoreTextData.m; sourceTree = "<group>"; };
		F2FAF6BE1C9F93B900200FC1 /* NSAttributedString+PTNSAttributedString.h */ = {isa = PBXFileReference; fileEncoding = 4; lastKnownFileType = sourcecode.c.h; path = "NSAttributedString+PTNSAttributedString.h"; sourceTree = "<group>"; };
		F2FAF6BF1C9F93B900200FC1 /* NSAttributedString+PTNSAttributedString.m */ = {isa = PBXFileReference; fileEncoding = 4; lastKnownFileType = sourcecode.c.objc; path = "NSAttributedString+PTNSAttributedString.m"; sourceTree = "<group>"; };
/* End PBXFileReference section */

/* Begin PBXFrameworksBuildPhase section */
		F2EC4ADD1C7D826200FD4ACE /* Frameworks */ = {
			isa = PBXFrameworksBuildPhase;
			buildActionMask = 2147483647;
			files = (
				F2D03D1A1D7FB10000DAF199 /* VideoToolbox.framework in Frameworks */,
				F2CD583D1CDB3F8D0004A0BB /* libbz2.tbd in Frameworks */,
				F2CD583B1CDB3F770004A0BB /* libz.tbd in Frameworks */,
				F2CD58391CDB3F1B0004A0BB /* libiconv.tbd in Frameworks */,
				F2CD58331CDB3ED90004A0BB /* libavfilter.a in Frameworks */,
				F2CD57BC1CDB3C700004A0BB /* Foundation.framework in Frameworks */,
				F2CD57BA1CDB3C690004A0BB /* UIKit.framework in Frameworks */,
				F2CD58341CDB3ED90004A0BB /* libavformat.a in Frameworks */,
				F2CD58361CDB3ED90004A0BB /* libswresample.a in Frameworks */,
				F2CD58351CDB3ED90004A0BB /* libavutil.a in Frameworks */,
				F2CD58321CDB3ED90004A0BB /* libavdevice.a in Frameworks */,
				F2C653FA1D990E6400529460 /* libx264.a in Frameworks */,
				F2CD57B81CDB3C2B0004A0BB /* AVFoundation.framework in Frameworks */,
				F2CD57B61CDB3C180004A0BB /* CoreMedia.framework in Frameworks */,
				F244B8611C7D87EA00421236 /* libAFNetworking.a in Frameworks */,
				F2CD58371CDB3ED90004A0BB /* libswscale.a in Frameworks */,
				F2CD58311CDB3ED90004A0BB /* libavcodec.a in Frameworks */,
				E5F89BD6830CA88E52F2E47D /* libPods.a in Frameworks */,
			);
			runOnlyForDeploymentPostprocessing = 0;
		};
		F2EC4AF01C7D826200FD4ACE /* Frameworks */ = {
			isa = PBXFrameworksBuildPhase;
			buildActionMask = 2147483647;
			files = (
			);
			runOnlyForDeploymentPostprocessing = 0;
		};
		F2EC4AFB1C7D826200FD4ACE /* Frameworks */ = {
			isa = PBXFrameworksBuildPhase;
			buildActionMask = 2147483647;
			files = (
			);
			runOnlyForDeploymentPostprocessing = 0;
		};
/* End PBXFrameworksBuildPhase section */

/* Begin PBXGroup section */
		37A79CB2778E032EEA52B790 /* Frameworks */ = {
			isa = PBXGroup;
			children = (
				F2C653F41D990E6400529460 /* x264-iOS */,
				F2E3F1241D7FAFDC0021F18D /* MediaPlayer.framework */,
				F2E3F1221D7FADF50021F18D /* VideoToolbox.framework */,
				F2CD583C1CDB3F8D0004A0BB /* libbz2.tbd */,
				F2CD583A1CDB3F770004A0BB /* libz.tbd */,
				F2CD58381CDB3F1B0004A0BB /* libiconv.tbd */,
				F2CD57BF1CDB3ED90004A0BB /* FFmpeg-iOS */,
				F2CD57BD1CDB3D320004A0BB /* libc++.1.tbd */,
				F2CD57BB1CDB3C700004A0BB /* Foundation.framework */,
				F2CD57B91CDB3C690004A0BB /* UIKit.framework */,
				F2CD57B71CDB3C2B0004A0BB /* AVFoundation.framework */,
				F2CD57B51CDB3C180004A0BB /* CoreMedia.framework */,
				F244B8601C7D87EA00421236 /* libAFNetworking.a */,
				BC81E4E5B5FF479CD175EB08 /* libPods.a */,
			);
			name = Frameworks;
			sourceTree = "<group>";
		};
		EE7178A66888063F24AFE21F /* Pods */ = {
			isa = PBXGroup;
			children = (
				365AB0F9229934289DBCBCBC /* Pods.debug.xcconfig */,
				7A456CB0385D2A72001F6116 /* Pods.release.xcconfig */,
			);
			name = Pods;
			sourceTree = "<group>";
		};
		F244B85C1C7D859300421236 /* 动画与特效 */ = {
			isa = PBXGroup;
			children = (
				F2C8DEE11C8440260050CD8F /* 微博弹出动画效果 */,
				F244B8651C7D8DA300421236 /* 淘宝View弹出效果 */,
				F244B8621C7D8BFC00421236 /* AnimationTableViewController.h */,
				F244B8631C7D8BFC00421236 /* AnimationTableViewController.m */,
			);
			path = "动画与特效";
			sourceTree = "<group>";
		};
		F244B8651C7D8DA300421236 /* 淘宝View弹出效果 */ = {
			isa = PBXGroup;
			children = (
				F244B8661C7D8DD800421236 /* TaoBaoPopViewController.h */,
				F244B8671C7D8DD800421236 /* TaoBaoPopViewController.m */,
				F244B8691C7D8E9200421236 /* UIViewController+PopAnimation.h */,
				F244B86A1C7D8E9200421236 /* UIViewController+PopAnimation.m */,
			);
			path = "淘宝View弹出效果";
			sourceTree = "<group>";
		};
		F252F8661C8D5AE500680CBA /* 绘图与文本 */ = {
			isa = PBXGroup;
			children = (
				F27BE8041C9955A9008D6A40 /* PTLabel */,
				F252F8671C8D5AE500680CBA /* CoreText */,
				F252F86B1C8D5CE100680CBA /* DrawTextTableViewController.h */,
				F252F86C1C8D5CE100680CBA /* DrawTextTableViewController.m */,
			);
			path = "绘图与文本";
			sourceTree = "<group>";
		};
		F252F8671C8D5AE500680CBA /* CoreText */ = {
			isa = PBXGroup;
			children = (
				F252F8681C8D5B0800680CBA /* CoreTextViewController.h */,
				F252F8691C8D5B0800680CBA /* CoreTextViewController.m */,
				F2F409351C8E607C0007D73D /* PTDisplayView.h */,
				F2F409361C8E607C0007D73D /* PTDisplayView.m */,
				F2F409381C8E63BD0007D73D /* PTFrameParserConfig.h */,
				F2F409391C8E63BD0007D73D /* PTFrameParserConfig.m */,
				F2F4093B1C8E63CF0007D73D /* PTFrameParser.h */,
				F2F4093C1C8E63CF0007D73D /* PTFrameParser.m */,
				F2F4093E1C8E63F10007D73D /* CoreTextData.h */,
				F2F4093F1C8E63F10007D73D /* CoreTextData.m */,
			);
			path = CoreText;
			sourceTree = "<group>";
		};
		F25455471D7E9DBC00A75FC7 /* 播放器 */ = {
			isa = PBXGroup;
			children = (
				F254554B1D7EBE4600A75FC7 /* PTPlayer */,
				F25455481D7E9E0800A75FC7 /* MovieTableViewController.h */,
				F25455491D7E9E0800A75FC7 /* MovieTableViewController.m */,
			);
			path = "播放器";
			sourceTree = "<group>";
		};
		F254554B1D7EBE4600A75FC7 /* PTPlayer */ = {
			isa = PBXGroup;
			children = (
				F254554C1D7EC6AC00A75FC7 /* PTDecoder.h */,
				F254554D1D7EC6AC00A75FC7 /* PTDecoder.m */,
				F2B299631D8E26540052C2F9 /* PTMovieGLView.h */,
				F2B299641D8E26540052C2F9 /* PTMovieGLView.m */,
				F2E3F11F1D7FA38A0021F18D /* PTPlayerViewController.h */,
				F2E3F1201D7FA38A0021F18D /* PTPlayerViewController.m */,
			);
			path = PTPlayer;
			sourceTree = "<group>";
		};
		F27BE8041C9955A9008D6A40 /* PTLabel */ = {
			isa = PBXGroup;
			children = (
				F23FB2271CA44AB300A2D401 /* PTLabel.h */,
				F23FB2281CA44AB300A2D401 /* PTLabel.m */,
				F28469D31CA50FE400E64CFA /* PTTextLayout.h */,
				F28469D41CA50FE400E64CFA /* PTTextLayout.m */,
				F28469D61CA513BD00E64CFA /* PTTextParser.h */,
				F28469D71CA513BD00E64CFA /* PTTextParser.m */,
				F2A6C0E51CAD01DB00A57E13 /* PTDisplayLayer.h */,
				F2A6C0E61CAD01DB00A57E13 /* PTDisplayLayer.m */,
				F2EFACA81CC8755600609DB9 /* PTTextLine.h */,
				F2EFACA91CC8755600609DB9 /* PTTextLine.m */,
			);
			path = PTLabel;
			sourceTree = "<group>";
		};
		F2B299681D8E6F7F0052C2F9 /* 网络 */ = {
			isa = PBXGroup;
			children = (
				F2B299691D8E6F7F0052C2F9 /* socket */,
				F2B2996A1D8E6FAA0052C2F9 /* NetWorkTableViewController.h */,
				F2B2996B1D8E6FAA0052C2F9 /* NetWorkTableViewController.m */,
			);
			path = "网络";
			sourceTree = "<group>";
		};
		F2B299691D8E6F7F0052C2F9 /* socket */ = {
			isa = PBXGroup;
			children = (
				F2B2996D1D8E708B0052C2F9 /* ServerViewController.h */,
				F2B2996E1D8E708B0052C2F9 /* ServerViewController.m */,
				F2B2996F1D8E708B0052C2F9 /* ServerViewController.xib */,
				F2B299721D8E70A20052C2F9 /* ClientViewController.h */,
				F2B299731D8E70A20052C2F9 /* ClientViewController.m */,
				F2B299741D8E70A20052C2F9 /* ClientViewController.xib */,
			);
			path = socket;
			sourceTree = "<group>";
		};
		F2C653F41D990E6400529460 /* x264-iOS */ = {
			isa = PBXGroup;
			children = (
				F2C653F51D990E6400529460 /* include */,
				F2C653F81D990E6400529460 /* lib */,
			);
			path = "x264-iOS";
			sourceTree = "<group>";
		};
		F2C653F51D990E6400529460 /* include */ = {
			isa = PBXGroup;
			children = (
				F2C653F61D990E6400529460 /* x264.h */,
				F2C653F71D990E6400529460 /* x264_config.h */,
			);
			path = include;
			sourceTree = "<group>";
		};
		F2C653F81D990E6400529460 /* lib */ = {
			isa = PBXGroup;
			children = (
				F2C653F91D990E6400529460 /* libx264.a */,
			);
			path = lib;
			sourceTree = "<group>";
		};
		F2C8DEDD1C8439C80050CD8F /* 工具类 */ = {
			isa = PBXGroup;
			children = (
				F2C8DEDE1C843B3E0050CD8F /* NSTimer+PTTimer.h */,
				F2C8DEDF1C843B3E0050CD8F /* NSTimer+PTTimer.m */,
				F2D9E1481C87D3A000DD6409 /* UIView+PTView.h */,
				F2D9E1491C87D3A000DD6409 /* UIView+PTView.m */,
				F2FAF6BE1C9F93B900200FC1 /* NSAttributedString+PTNSAttributedString.h */,
				F2FAF6BF1C9F93B900200FC1 /* NSAttributedString+PTNSAttributedString.m */,
			);
			path = "工具类";
			sourceTree = "<group>";
		};
		F2C8DEE11C8440260050CD8F /* 微博弹出动画效果 */ = {
			isa = PBXGroup;
			children = (
				F27D5F311C85293C00CBE9FD /* WeiboPopViewController.h */,
				F27D5F321C85293C00CBE9FD /* WeiboPopViewController.m */,
				F27D5F341C8529F100CBE9FD /* PTWeiboMenuView.h */,
				F27D5F351C8529F100CBE9FD /* PTWeiboMenuView.m */,
			);
			path = "微博弹出动画效果";
			sourceTree = "<group>";
		};
		F2CD57BF1CDB3ED90004A0BB /* FFmpeg-iOS */ = {
			isa = PBXGroup;
			children = (
				F2CD57C01CDB3ED90004A0BB /* include */,
				F2CD58291CDB3ED90004A0BB /* lib */,
			);
			path = "FFmpeg-iOS";
			sourceTree = "<group>";
		};
		F2CD57C01CDB3ED90004A0BB /* include */ = {
			isa = PBXGroup;
			children = (
				F2CD57C11CDB3ED90004A0BB /* libavcodec */,
				F2CD57D11CDB3ED90004A0BB /* libavdevice */,
				F2CD57D41CDB3ED90004A0BB /* libavfilter */,
				F2CD57DA1CDB3ED90004A0BB /* libavformat */,
				F2CD57DE1CDB3ED90004A0BB /* libavutil */,
				F2CD58231CDB3ED90004A0BB /* libswresample */,
				F2CD58261CDB3ED90004A0BB /* libswscale */,
			);
			path = include;
			sourceTree = "<group>";
		};
		F2CD57C11CDB3ED90004A0BB /* libavcodec */ = {
			isa = PBXGroup;
			children = (
				F2CD57C21CDB3ED90004A0BB /* avcodec.h */,
				F2CD57C31CDB3ED90004A0BB /* avdct.h */,
				F2CD57C41CDB3ED90004A0BB /* avfft.h */,
				F2CD57C51CDB3ED90004A0BB /* d3d11va.h */,
				F2CD57C61CDB3ED90004A0BB /* dirac.h */,
				F2CD57C71CDB3ED90004A0BB /* dv_profile.h */,
				F2CD57C81CDB3ED90004A0BB /* dxva2.h */,
				F2CD57C91CDB3ED90004A0BB /* qsv.h */,
				F2CD57CA1CDB3ED90004A0BB /* vaapi.h */,
				F2CD57CB1CDB3ED90004A0BB /* vda.h */,
				F2CD57CC1CDB3ED90004A0BB /* vdpau.h */,
				F2CD57CD1CDB3ED90004A0BB /* version.h */,
				F2CD57CE1CDB3ED90004A0BB /* videotoolbox.h */,
				F2CD57CF1CDB3ED90004A0BB /* vorbis_parser.h */,
				F2CD57D01CDB3ED90004A0BB /* xvmc.h */,
			);
			path = libavcodec;
			sourceTree = "<group>";
		};
		F2CD57D11CDB3ED90004A0BB /* libavdevice */ = {
			isa = PBXGroup;
			children = (
				F2CD57D21CDB3ED90004A0BB /* avdevice.h */,
				F2CD57D31CDB3ED90004A0BB /* version.h */,
			);
			path = libavdevice;
			sourceTree = "<group>";
		};
		F2CD57D41CDB3ED90004A0BB /* libavfilter */ = {
			isa = PBXGroup;
			children = (
				F2CD57D51CDB3ED90004A0BB /* avfilter.h */,
				F2CD57D61CDB3ED90004A0BB /* avfiltergraph.h */,
				F2CD57D71CDB3ED90004A0BB /* buffersink.h */,
				F2CD57D81CDB3ED90004A0BB /* buffersrc.h */,
				F2CD57D91CDB3ED90004A0BB /* version.h */,
			);
			path = libavfilter;
			sourceTree = "<group>";
		};
		F2CD57DA1CDB3ED90004A0BB /* libavformat */ = {
			isa = PBXGroup;
			children = (
				F2CD57DB1CDB3ED90004A0BB /* avformat.h */,
				F2CD57DC1CDB3ED90004A0BB /* avio.h */,
				F2CD57DD1CDB3ED90004A0BB /* version.h */,
			);
			path = libavformat;
			sourceTree = "<group>";
		};
		F2CD57DE1CDB3ED90004A0BB /* libavutil */ = {
			isa = PBXGroup;
			children = (
				F2CD57DF1CDB3ED90004A0BB /* adler32.h */,
				F2CD57E01CDB3ED90004A0BB /* aes.h */,
				F2CD57E11CDB3ED90004A0BB /* aes_ctr.h */,
				F2CD57E21CDB3ED90004A0BB /* attributes.h */,
				F2CD57E31CDB3ED90004A0BB /* audio_fifo.h */,
				F2CD57E41CDB3ED90004A0BB /* avassert.h */,
				F2CD57E51CDB3ED90004A0BB /* avconfig.h */,
				F2CD57E61CDB3ED90004A0BB /* avstring.h */,
				F2CD57E71CDB3ED90004A0BB /* avutil.h */,
				F2CD57E81CDB3ED90004A0BB /* base64.h */,
				F2CD57E91CDB3ED90004A0BB /* blowfish.h */,
				F2CD57EA1CDB3ED90004A0BB /* bprint.h */,
				F2CD57EB1CDB3ED90004A0BB /* bswap.h */,
				F2CD57EC1CDB3ED90004A0BB /* buffer.h */,
				F2CD57ED1CDB3ED90004A0BB /* camellia.h */,
				F2CD57EE1CDB3ED90004A0BB /* cast5.h */,
				F2CD57EF1CDB3ED90004A0BB /* channel_layout.h */,
				F2CD57F01CDB3ED90004A0BB /* common.h */,
				F2CD57F11CDB3ED90004A0BB /* cpu.h */,
				F2CD57F21CDB3ED90004A0BB /* crc.h */,
				F2CD57F31CDB3ED90004A0BB /* des.h */,
				F2CD57F41CDB3ED90004A0BB /* dict.h */,
				F2CD57F51CDB3ED90004A0BB /* display.h */,
				F2CD57F61CDB3ED90004A0BB /* downmix_info.h */,
				F2CD57F71CDB3ED90004A0BB /* error.h */,
				F2CD57F81CDB3ED90004A0BB /* eval.h */,
				F2CD57F91CDB3ED90004A0BB /* ffversion.h */,
				F2CD57FA1CDB3ED90004A0BB /* fifo.h */,
				F2CD57FB1CDB3ED90004A0BB /* file.h */,
				F2CD57FC1CDB3ED90004A0BB /* frame.h */,
				F2CD57FD1CDB3ED90004A0BB /* hash.h */,
				F2CD57FE1CDB3ED90004A0BB /* hmac.h */,
				F2CD57FF1CDB3ED90004A0BB /* imgutils.h */,
				F2CD58001CDB3ED90004A0BB /* intfloat.h */,
				F2CD58011CDB3ED90004A0BB /* intreadwrite.h */,
				F2CD58021CDB3ED90004A0BB /* lfg.h */,
				F2CD58031CDB3ED90004A0BB /* log.h */,
				F2CD58041CDB3ED90004A0BB /* lzo.h */,
				F2CD58051CDB3ED90004A0BB /* macros.h */,
				F2CD58061CDB3ED90004A0BB /* mastering_display_metadata.h */,
				F2CD58071CDB3ED90004A0BB /* mathematics.h */,
				F2CD58081CDB3ED90004A0BB /* md5.h */,
				F2CD58091CDB3ED90004A0BB /* mem.h */,
				F2CD580A1CDB3ED90004A0BB /* motion_vector.h */,
				F2CD580B1CDB3ED90004A0BB /* murmur3.h */,
				F2CD580C1CDB3ED90004A0BB /* opt.h */,
				F2CD580D1CDB3ED90004A0BB /* parseutils.h */,
				F2CD580E1CDB3ED90004A0BB /* pixdesc.h */,
				F2CD580F1CDB3ED90004A0BB /* pixelutils.h */,
				F2CD58101CDB3ED90004A0BB /* pixfmt.h */,
				F2CD58111CDB3ED90004A0BB /* random_seed.h */,
				F2CD58121CDB3ED90004A0BB /* rational.h */,
				F2CD58131CDB3ED90004A0BB /* rc4.h */,
				F2CD58141CDB3ED90004A0BB /* replaygain.h */,
				F2CD58151CDB3ED90004A0BB /* ripemd.h */,
				F2CD58161CDB3ED90004A0BB /* samplefmt.h */,
				F2CD58171CDB3ED90004A0BB /* sha.h */,
				F2CD58181CDB3ED90004A0BB /* sha512.h */,
				F2CD58191CDB3ED90004A0BB /* stereo3d.h */,
				F2CD581A1CDB3ED90004A0BB /* tea.h */,
				F2CD581B1CDB3ED90004A0BB /* threadmessage.h */,
				F2CD581C1CDB3ED90004A0BB /* time.h */,
				F2CD581D1CDB3ED90004A0BB /* timecode.h */,
				F2CD581E1CDB3ED90004A0BB /* timestamp.h */,
				F2CD581F1CDB3ED90004A0BB /* tree.h */,
				F2CD58201CDB3ED90004A0BB /* twofish.h */,
				F2CD58211CDB3ED90004A0BB /* version.h */,
				F2CD58221CDB3ED90004A0BB /* xtea.h */,
			);
			path = libavutil;
			sourceTree = "<group>";
		};
		F2CD58231CDB3ED90004A0BB /* libswresample */ = {
			isa = PBXGroup;
			children = (
				F2CD58241CDB3ED90004A0BB /* swresample.h */,
				F2CD58251CDB3ED90004A0BB /* version.h */,
			);
			path = libswresample;
			sourceTree = "<group>";
		};
		F2CD58261CDB3ED90004A0BB /* libswscale */ = {
			isa = PBXGroup;
			children = (
				F2CD58271CDB3ED90004A0BB /* swscale.h */,
				F2CD58281CDB3ED90004A0BB /* version.h */,
			);
			path = libswscale;
			sourceTree = "<group>";
		};
		F2CD58291CDB3ED90004A0BB /* lib */ = {
			isa = PBXGroup;
			children = (
				F2CD582A1CDB3ED90004A0BB /* libavcodec.a */,
				F2CD582B1CDB3ED90004A0BB /* libavdevice.a */,
				F2CD582C1CDB3ED90004A0BB /* libavfilter.a */,
				F2CD582D1CDB3ED90004A0BB /* libavformat.a */,
				F2CD582E1CDB3ED90004A0BB /* libavutil.a */,
				F2CD582F1CDB3ED90004A0BB /* libswresample.a */,
				F2CD58301CDB3ED90004A0BB /* libswscale.a */,
			);
			path = lib;
			sourceTree = "<group>";
		};
		F2EC4AD71C7D826200FD4ACE = {
			isa = PBXGroup;
			children = (
				F2EC4AE21C7D826200FD4ACE /* PTKit */,
				F2EC4AF61C7D826200FD4ACE /* PTKitTests */,
				F2EC4B011C7D826200FD4ACE /* PTKitUITests */,
				F2EC4AE11C7D826200FD4ACE /* Products */,
				EE7178A66888063F24AFE21F /* Pods */,
				37A79CB2778E032EEA52B790 /* Frameworks */,
			);
			sourceTree = "<group>";
		};
		F2EC4AE11C7D826200FD4ACE /* Products */ = {
			isa = PBXGroup;
			children = (
				F2EC4AE01C7D826200FD4ACE /* PTKit.app */,
				F2EC4AF31C7D826200FD4ACE /* PTKitTests.xctest */,
				F2EC4AFE1C7D826200FD4ACE /* PTKitUITests.xctest */,
			);
			name = Products;
			sourceTree = "<group>";
		};
		F2EC4AE21C7D826200FD4ACE /* PTKit */ = {
			isa = PBXGroup;
			children = (
				F2B299681D8E6F7F0052C2F9 /* 网络 */,
				F25455471D7E9DBC00A75FC7 /* 播放器 */,
				F252F8661C8D5AE500680CBA /* 绘图与文本 */,
				F2C8DEDD1C8439C80050CD8F /* 工具类 */,
				F244B85C1C7D859300421236 /* 动画与特效 */,
				F2EC4AE61C7D826200FD4ACE /* AppDelegate.h */,
				F2EC4AE71C7D826200FD4ACE /* AppDelegate.m */,
				F244B85D1C7D85BC00421236 /* MainTableViewController.h */,
				F244B85E1C7D85BC00421236 /* MainTableViewController.m */,
				F2EC4AE91C7D826200FD4ACE /* Assets.xcassets */,
				F2EC4AEB1C7D826200FD4ACE /* LaunchScreen.storyboard */,
				F2EC4AEE1C7D826200FD4ACE /* Info.plist */,
				F2EC4AE31C7D826200FD4ACE /* Supporting Files */,
				F28D3DE81C7FFFE900F4337F /* PTKit.h */,
			);
			path = PTKit;
			sourceTree = "<group>";
		};
		F2EC4AE31C7D826200FD4ACE /* Supporting Files */ = {
			isa = PBXGroup;
			children = (
				F2EC4AE41C7D826200FD4ACE /* main.m */,
			);
			name = "Supporting Files";
			sourceTree = "<group>";
		};
		F2EC4AF61C7D826200FD4ACE /* PTKitTests */ = {
			isa = PBXGroup;
			children = (
				F2EC4AF71C7D826200FD4ACE /* PTKitTests.m */,
				F2EC4AF91C7D826200FD4ACE /* Info.plist */,
			);
			path = PTKitTests;
			sourceTree = "<group>";
		};
		F2EC4B011C7D826200FD4ACE /* PTKitUITests */ = {
			isa = PBXGroup;
			children = (
				F2EC4B021C7D826200FD4ACE /* PTKitUITests.m */,
				F2EC4B041C7D826200FD4ACE /* Info.plist */,
			);
			path = PTKitUITests;
			sourceTree = "<group>";
		};
/* End PBXGroup section */

/* Begin PBXNativeTarget section */
		F2EC4ADF1C7D826200FD4ACE /* PTKit */ = {
			isa = PBXNativeTarget;
			buildConfigurationList = F2EC4B071C7D826200FD4ACE /* Build configuration list for PBXNativeTarget "PTKit" */;
			buildPhases = (
				E8E581ABE4B0C2DA9B61E61A /* Check Pods Manifest.lock */,
				F2EC4ADC1C7D826200FD4ACE /* Sources */,
				F2EC4ADD1C7D826200FD4ACE /* Frameworks */,
				F2EC4ADE1C7D826200FD4ACE /* Resources */,
				8CF1B46294377611A0450976 /* Copy Pods Resources */,
			);
			buildRules = (
			);
			dependencies = (
			);
			name = PTKit;
			productName = PTKit;
			productReference = F2EC4AE01C7D826200FD4ACE /* PTKit.app */;
			productType = "com.apple.product-type.application";
		};
		F2EC4AF21C7D826200FD4ACE /* PTKitTests */ = {
			isa = PBXNativeTarget;
			buildConfigurationList = F2EC4B0A1C7D826200FD4ACE /* Build configuration list for PBXNativeTarget "PTKitTests" */;
			buildPhases = (
				F2EC4AEF1C7D826200FD4ACE /* Sources */,
				F2EC4AF01C7D826200FD4ACE /* Frameworks */,
				F2EC4AF11C7D826200FD4ACE /* Resources */,
			);
			buildRules = (
			);
			dependencies = (
				F2EC4AF51C7D826200FD4ACE /* PBXTargetDependency */,
			);
			name = PTKitTests;
			productName = PTKitTests;
			productReference = F2EC4AF31C7D826200FD4ACE /* PTKitTests.xctest */;
			productType = "com.apple.product-type.bundle.unit-test";
		};
		F2EC4AFD1C7D826200FD4ACE /* PTKitUITests */ = {
			isa = PBXNativeTarget;
			buildConfigurationList = F2EC4B0D1C7D826200FD4ACE /* Build configuration list for PBXNativeTarget "PTKitUITests" */;
			buildPhases = (
				F2EC4AFA1C7D826200FD4ACE /* Sources */,
				F2EC4AFB1C7D826200FD4ACE /* Frameworks */,
				F2EC4AFC1C7D826200FD4ACE /* Resources */,
			);
			buildRules = (
			);
			dependencies = (
				F2EC4B001C7D826200FD4ACE /* PBXTargetDependency */,
			);
			name = PTKitUITests;
			productName = PTKitUITests;
			productReference = F2EC4AFE1C7D826200FD4ACE /* PTKitUITests.xctest */;
			productType = "com.apple.product-type.bundle.ui-testing";
		};
/* End PBXNativeTarget section */

/* Begin PBXProject section */
		F2EC4AD81C7D826200FD4ACE /* Project object */ = {
			isa = PBXProject;
			attributes = {
				LastUpgradeCheck = 0720;
				ORGANIZATIONNAME = PT;
				TargetAttributes = {
					F2EC4ADF1C7D826200FD4ACE = {
						CreatedOnToolsVersion = 7.2;
					};
					F2EC4AF21C7D826200FD4ACE = {
						CreatedOnToolsVersion = 7.2;
						TestTargetID = F2EC4ADF1C7D826200FD4ACE;
					};
					F2EC4AFD1C7D826200FD4ACE = {
						CreatedOnToolsVersion = 7.2;
						TestTargetID = F2EC4ADF1C7D826200FD4ACE;
					};
				};
			};
			buildConfigurationList = F2EC4ADB1C7D826200FD4ACE /* Build configuration list for PBXProject "PTKit" */;
			compatibilityVersion = "Xcode 3.2";
			developmentRegion = English;
			hasScannedForEncodings = 0;
			knownRegions = (
				en,
				Base,
			);
			mainGroup = F2EC4AD71C7D826200FD4ACE;
			productRefGroup = F2EC4AE11C7D826200FD4ACE /* Products */;
			projectDirPath = "";
			projectRoot = "";
			targets = (
				F2EC4ADF1C7D826200FD4ACE /* PTKit */,
				F2EC4AF21C7D826200FD4ACE /* PTKitTests */,
				F2EC4AFD1C7D826200FD4ACE /* PTKitUITests */,
			);
		};
/* End PBXProject section */

/* Begin PBXResourcesBuildPhase section */
		F2EC4ADE1C7D826200FD4ACE /* Resources */ = {
			isa = PBXResourcesBuildPhase;
			buildActionMask = 2147483647;
			files = (
				F2B299711D8E708B0052C2F9 /* ServerViewController.xib in Resources */,
				F2EC4AEA1C7D826200FD4ACE /* Assets.xcassets in Resources */,
				F2EC4AED1C7D826200FD4ACE /* LaunchScreen.storyboard in Resources */,
				F2B299761D8E70A20052C2F9 /* ClientViewController.xib in Resources */,
			);
			runOnlyForDeploymentPostprocessing = 0;
		};
		F2EC4AF11C7D826200FD4ACE /* Resources */ = {
			isa = PBXResourcesBuildPhase;
			buildActionMask = 2147483647;
			files = (
			);
			runOnlyForDeploymentPostprocessing = 0;
		};
		F2EC4AFC1C7D826200FD4ACE /* Resources */ = {
			isa = PBXResourcesBuildPhase;
			buildActionMask = 2147483647;
			files = (
			);
			runOnlyForDeploymentPostprocessing = 0;
		};
/* End PBXResourcesBuildPhase section */

/* Begin PBXShellScriptBuildPhase section */
		8CF1B46294377611A0450976 /* Copy Pods Resources */ = {
			isa = PBXShellScriptBuildPhase;
			buildActionMask = 2147483647;
			files = (
			);
			inputPaths = (
			);
			name = "Copy Pods Resources";
			outputPaths = (
			);
			runOnlyForDeploymentPostprocessing = 0;
			shellPath = /bin/sh;
			shellScript = "\"${SRCROOT}/Pods/Target Support Files/Pods/Pods-resources.sh\"\n";
			showEnvVarsInLog = 0;
		};
		E8E581ABE4B0C2DA9B61E61A /* Check Pods Manifest.lock */ = {
			isa = PBXShellScriptBuildPhase;
			buildActionMask = 2147483647;
			files = (
			);
			inputPaths = (
			);
			name = "Check Pods Manifest.lock";
			outputPaths = (
			);
			runOnlyForDeploymentPostprocessing = 0;
			shellPath = /bin/sh;
			shellScript = "diff \"${PODS_ROOT}/../Podfile.lock\" \"${PODS_ROOT}/Manifest.lock\" > /dev/null\nif [[ $? != 0 ]] ; then\n    cat << EOM\nerror: The sandbox is not in sync with the Podfile.lock. Run 'pod install' or update your CocoaPods installation.\nEOM\n    exit 1\nfi\n";
			showEnvVarsInLog = 0;
		};
/* End PBXShellScriptBuildPhase section */

/* Begin PBXSourcesBuildPhase section */
		F2EC4ADC1C7D826200FD4ACE /* Sources */ = {
			isa = PBXSourcesBuildPhase;
			buildActionMask = 2147483647;
			files = (
				F244B8641C7D8BFC00421236 /* AnimationTableViewController.m in Sources */,
				F2F409401C8E63F10007D73D /* CoreTextData.m in Sources */,
				F2D9E14A1C87D3A000DD6409 /* UIView+PTView.m in Sources */,
				F252F86D1C8D5CE100680CBA /* DrawTextTableViewController.m in Sources */,
				F2EFACAA1CC8755600609DB9 /* PTTextLine.m in Sources */,
				F2EC4AE81C7D826200FD4ACE /* AppDelegate.m in Sources */,
				F2EC4AE51C7D826200FD4ACE /* main.m in Sources */,
				F27D5F361C8529F100CBE9FD /* PTWeiboMenuView.m in Sources */,
				F2B2996C1D8E6FAA0052C2F9 /* NetWorkTableViewController.m in Sources */,
				F2F4093D1C8E63CF0007D73D /* PTFrameParser.m in Sources */,
				F244B85F1C7D85BC00421236 /* MainTableViewController.m in Sources */,
				F28469D51CA50FE400E64CFA /* PTTextLayout.m in Sources */,
				F244B8681C7D8DD800421236 /* TaoBaoPopViewController.m in Sources */,
				F2B299651D8E26540052C2F9 /* PTMovieGLView.m in Sources */,
				F23FB2291CA44AB300A2D401 /* PTLabel.m in Sources */,
				F2A6C0E71CAD01DB00A57E13 /* PTDisplayLayer.m in Sources */,
				F2F409371C8E607C0007D73D /* PTDisplayView.m in Sources */,
				F244B86B1C7D8E9200421236 /* UIViewController+PopAnimation.m in Sources */,
				F254554E1D7EC6AC00A75FC7 /* PTDecoder.m in Sources */,
				F2FAF6C01C9F93B900200FC1 /* NSAttributedString+PTNSAttributedString.m in Sources */,
				F28469D81CA513BD00E64CFA /* PTTextParser.m in Sources */,
				F2B299751D8E70A20052C2F9 /* ClientViewController.m in Sources */,
				F2F4093A1C8E63BD0007D73D /* PTFrameParserConfig.m in Sources */,
				F254554A1D7E9E0800A75FC7 /* MovieTableViewController.m in Sources */,
				F2C8DEE01C843B3E0050CD8F /* NSTimer+PTTimer.m in Sources */,
				F27D5F331C85293C00CBE9FD /* WeiboPopViewController.m in Sources */,
				F252F86A1C8D5B0800680CBA /* CoreTextViewController.m in Sources */,
				F2E3F1211D7FA38A0021F18D /* PTPlayerViewController.m in Sources */,
				F2B299701D8E708B0052C2F9 /* ServerViewController.m in Sources */,
			);
			runOnlyForDeploymentPostprocessing = 0;
		};
		F2EC4AEF1C7D826200FD4ACE /* Sources */ = {
			isa = PBXSourcesBuildPhase;
			buildActionMask = 2147483647;
			files = (
				F2EC4AF81C7D826200FD4ACE /* PTKitTests.m in Sources */,
			);
			runOnlyForDeploymentPostprocessing = 0;
		};
		F2EC4AFA1C7D826200FD4ACE /* Sources */ = {
			isa = PBXSourcesBuildPhase;
			buildActionMask = 2147483647;
			files = (
				F2EC4B031C7D826200FD4ACE /* PTKitUITests.m in Sources */,
			);
			runOnlyForDeploymentPostprocessing = 0;
		};
/* End PBXSourcesBuildPhase section */

/* Begin PBXTargetDependency section */
		F2EC4AF51C7D826200FD4ACE /* PBXTargetDependency */ = {
			isa = PBXTargetDependency;
			target = F2EC4ADF1C7D826200FD4ACE /* PTKit */;
			targetProxy = F2EC4AF41C7D826200FD4ACE /* PBXContainerItemProxy */;
		};
		F2EC4B001C7D826200FD4ACE /* PBXTargetDependency */ = {
			isa = PBXTargetDependency;
			target = F2EC4ADF1C7D826200FD4ACE /* PTKit */;
			targetProxy = F2EC4AFF1C7D826200FD4ACE /* PBXContainerItemProxy */;
		};
/* End PBXTargetDependency section */

/* Begin PBXVariantGroup section */
		F2EC4AEB1C7D826200FD4ACE /* LaunchScreen.storyboard */ = {
			isa = PBXVariantGroup;
			children = (
				F2EC4AEC1C7D826200FD4ACE /* Base */,
			);
			name = LaunchScreen.storyboard;
			sourceTree = "<group>";
		};
/* End PBXVariantGroup section */

/* Begin XCBuildConfiguration section */
		F2EC4B051C7D826200FD4ACE /* Debug */ = {
			isa = XCBuildConfiguration;
			buildSettings = {
				ALWAYS_SEARCH_USER_PATHS = NO;
				CLANG_CXX_LANGUAGE_STANDARD = "gnu++0x";
				CLANG_CXX_LIBRARY = "libc++";
				CLANG_ENABLE_MODULES = YES;
				CLANG_ENABLE_OBJC_ARC = YES;
				CLANG_WARN_BOOL_CONVERSION = YES;
				CLANG_WARN_CONSTANT_CONVERSION = YES;
				CLANG_WARN_DIRECT_OBJC_ISA_USAGE = YES_ERROR;
				CLANG_WARN_EMPTY_BODY = YES;
				CLANG_WARN_ENUM_CONVERSION = YES;
				CLANG_WARN_INT_CONVERSION = YES;
				CLANG_WARN_OBJC_ROOT_CLASS = YES_ERROR;
				CLANG_WARN_UNREACHABLE_CODE = YES;
				CLANG_WARN__DUPLICATE_METHOD_MATCH = YES;
				"CODE_SIGN_IDENTITY[sdk=iphoneos*]" = "iPhone Developer";
				COPY_PHASE_STRIP = NO;
				DEBUG_INFORMATION_FORMAT = dwarf;
				ENABLE_STRICT_OBJC_MSGSEND = YES;
				ENABLE_TESTABILITY = YES;
				GCC_C_LANGUAGE_STANDARD = gnu99;
				GCC_DYNAMIC_NO_PIC = NO;
				GCC_NO_COMMON_BLOCKS = YES;
				GCC_OPTIMIZATION_LEVEL = 0;
				GCC_PREPROCESSOR_DEFINITIONS = (
					"DEBUG=1",
					"$(inherited)",
				);
				GCC_WARN_64_TO_32_BIT_CONVERSION = YES;
				GCC_WARN_ABOUT_RETURN_TYPE = YES_ERROR;
				GCC_WARN_UNDECLARED_SELECTOR = YES;
				GCC_WARN_UNINITIALIZED_AUTOS = YES_AGGRESSIVE;
				GCC_WARN_UNUSED_FUNCTION = YES;
				GCC_WARN_UNUSED_VARIABLE = YES;
				IPHONEOS_DEPLOYMENT_TARGET = 9.2;
				MTL_ENABLE_DEBUG_INFO = YES;
				ONLY_ACTIVE_ARCH = YES;
				SDKROOT = iphoneos;
			};
			name = Debug;
		};
		F2EC4B061C7D826200FD4ACE /* Release */ = {
			isa = XCBuildConfiguration;
			buildSettings = {
				ALWAYS_SEARCH_USER_PATHS = NO;
				CLANG_CXX_LANGUAGE_STANDARD = "gnu++0x";
				CLANG_CXX_LIBRARY = "libc++";
				CLANG_ENABLE_MODULES = YES;
				CLANG_ENABLE_OBJC_ARC = YES;
				CLANG_WARN_BOOL_CONVERSION = YES;
				CLANG_WARN_CONSTANT_CONVERSION = YES;
				CLANG_WARN_DIRECT_OBJC_ISA_USAGE = YES_ERROR;
				CLANG_WARN_EMPTY_BODY = YES;
				CLANG_WARN_ENUM_CONVERSION = YES;
				CLANG_WARN_INT_CONVERSION = YES;
				CLANG_WARN_OBJC_ROOT_CLASS = YES_ERROR;
				CLANG_WARN_UNREACHABLE_CODE = YES;
				CLANG_WARN__DUPLICATE_METHOD_MATCH = YES;
				"CODE_SIGN_IDENTITY[sdk=iphoneos*]" = "iPhone Developer";
				COPY_PHASE_STRIP = NO;
				DEBUG_INFORMATION_FORMAT = "dwarf-with-dsym";
				ENABLE_NS_ASSERTIONS = NO;
				ENABLE_STRICT_OBJC_MSGSEND = YES;
				GCC_C_LANGUAGE_STANDARD = gnu99;
				GCC_NO_COMMON_BLOCKS = YES;
				GCC_WARN_64_TO_32_BIT_CONVERSION = YES;
				GCC_WARN_ABOUT_RETURN_TYPE = YES_ERROR;
				GCC_WARN_UNDECLARED_SELECTOR = YES;
				GCC_WARN_UNINITIALIZED_AUTOS = YES_AGGRESSIVE;
				GCC_WARN_UNUSED_FUNCTION = YES;
				GCC_WARN_UNUSED_VARIABLE = YES;
				IPHONEOS_DEPLOYMENT_TARGET = 9.2;
				MTL_ENABLE_DEBUG_INFO = NO;
				SDKROOT = iphoneos;
				VALIDATE_PRODUCT = YES;
			};
			name = Release;
		};
		F2EC4B081C7D826200FD4ACE /* Debug */ = {
			isa = XCBuildConfiguration;
			baseConfigurationReference = 365AB0F9229934289DBCBCBC /* Pods.debug.xcconfig */;
			buildSettings = {
				ASSETCATALOG_COMPILER_APPICON_NAME = AppIcon;
				ENABLE_BITCODE = NO;
				HEADER_SEARCH_PATHS = (
					"$(inherited)",
					"\"${PODS_ROOT}/Headers/Public\"",
					"\"${PODS_ROOT}/Headers/Public/AFNetworking\"",
					"\"${PODS_ROOT}/Headers/Public/CocoaAsyncSocket\"",
					"\"$(SRCROOT)/FFmpeg-iOS/include\"",
				);
				INFOPLIST_FILE = PTKit/Info.plist;
				LD_RUNPATH_SEARCH_PATHS = "$(inherited) @executable_path/Frameworks";
				LIBRARY_SEARCH_PATHS = (
					"$(inherited)",
					"$(PROJECT_DIR)/FFmpeg-iOS/lib",
					"$(PROJECT_DIR)/x264-iOS/lib",
				);
				ONLY_ACTIVE_ARCH = YES;
				PRODUCT_BUNDLE_IDENTIFIER = PT.PTKit;
				PRODUCT_NAME = "$(TARGET_NAME)";
				VALID_ARCHS = "arm64 armv7 armv7s";
			};
			name = Debug;
		};
		F2EC4B091C7D826200FD4ACE /* Release */ = {
			isa = XCBuildConfiguration;
			baseConfigurationReference = 7A456CB0385D2A72001F6116 /* Pods.release.xcconfig */;
			buildSettings = {
				ASSETCATALOG_COMPILER_APPICON_NAME = AppIcon;
				ENABLE_BITCODE = NO;
				HEADER_SEARCH_PATHS = (
					"$(inherited)",
					"\"${PODS_ROOT}/Headers/Public\"",
					"\"${PODS_ROOT}/Headers/Public/AFNetworking\"",
					"\"${PODS_ROOT}/Headers/Public/CocoaAsyncSocket\"",
					"\"$(SRCROOT)/FFmpeg-iOS/include\"",
				);
				INFOPLIST_FILE = PTKit/Info.plist;
				LD_RUNPATH_SEARCH_PATHS = "$(inherited) @executable_path/Frameworks";
				LIBRARY_SEARCH_PATHS = (
					"$(inherited)",
					"$(PROJECT_DIR)/FFmpeg-iOS/lib",
					"$(PROJECT_DIR)/x264-iOS/lib",
				);
				ONLY_ACTIVE_ARCH = NO;
				PRODUCT_BUNDLE_IDENTIFIER = PT.PTKit;
				PRODUCT_NAME = "$(TARGET_NAME)";
				VALID_ARCHS = "arm64 armv7 armv7s";
			};
			name = Release;
		};
		F2EC4B0B1C7D826200FD4ACE /* Debug */ = {
			isa = XCBuildConfiguration;
			buildSettings = {
				BUNDLE_LOADER = "$(TEST_HOST)";
				INFOPLIST_FILE = PTKitTests/Info.plist;
				LD_RUNPATH_SEARCH_PATHS = "$(inherited) @executable_path/Frameworks @loader_path/Frameworks";
				PRODUCT_BUNDLE_IDENTIFIER = PT.PTKitTests;
				PRODUCT_NAME = "$(TARGET_NAME)";
				TEST_HOST = "$(BUILT_PRODUCTS_DIR)/PTKit.app/PTKit";
			};
			name = Debug;
		};
		F2EC4B0C1C7D826200FD4ACE /* Release */ = {
			isa = XCBuildConfiguration;
			buildSettings = {
				BUNDLE_LOADER = "$(TEST_HOST)";
				INFOPLIST_FILE = PTKitTests/Info.plist;
				LD_RUNPATH_SEARCH_PATHS = "$(inherited) @executable_path/Frameworks @loader_path/Frameworks";
				PRODUCT_BUNDLE_IDENTIFIER = PT.PTKitTests;
				PRODUCT_NAME = "$(TARGET_NAME)";
				TEST_HOST = "$(BUILT_PRODUCTS_DIR)/PTKit.app/PTKit";
			};
			name = Release;
		};
		F2EC4B0E1C7D826200FD4ACE /* Debug */ = {
			isa = XCBuildConfiguration;
			buildSettings = {
				INFOPLIST_FILE = PTKitUITests/Info.plist;
				LD_RUNPATH_SEARCH_PATHS = "$(inherited) @executable_path/Frameworks @loader_path/Frameworks";
				PRODUCT_BUNDLE_IDENTIFIER = PT.PTKitUITests;
				PRODUCT_NAME = "$(TARGET_NAME)";
				TEST_TARGET_NAME = PTKit;
				USES_XCTRUNNER = YES;
			};
			name = Debug;
		};
		F2EC4B0F1C7D826200FD4ACE /* Release */ = {
			isa = XCBuildConfiguration;
			buildSettings = {
				INFOPLIST_FILE = PTKitUITests/Info.plist;
				LD_RUNPATH_SEARCH_PATHS = "$(inherited) @executable_path/Frameworks @loader_path/Frameworks";
				PRODUCT_BUNDLE_IDENTIFIER = PT.PTKitUITests;
				PRODUCT_NAME = "$(TARGET_NAME)";
				TEST_TARGET_NAME = PTKit;
				USES_XCTRUNNER = YES;
			};
			name = Release;
		};
/* End XCBuildConfiguration section */

/* Begin XCConfigurationList section */
		F2EC4ADB1C7D826200FD4ACE /* Build configuration list for PBXProject "PTKit" */ = {
			isa = XCConfigurationList;
			buildConfigurations = (
				F2EC4B051C7D826200FD4ACE /* Debug */,
				F2EC4B061C7D826200FD4ACE /* Release */,
			);
			defaultConfigurationIsVisible = 0;
			defaultConfigurationName = Release;
		};
		F2EC4B071C7D826200FD4ACE /* Build configuration list for PBXNativeTarget "PTKit" */ = {
			isa = XCConfigurationList;
			buildConfigurations = (
				F2EC4B081C7D826200FD4ACE /* Debug */,
				F2EC4B091C7D826200FD4ACE /* Release */,
			);
			defaultConfigurationIsVisible = 0;
			defaultConfigurationName = Release;
		};
		F2EC4B0A1C7D826200FD4ACE /* Build configuration list for PBXNativeTarget "PTKitTests" */ = {
			isa = XCConfigurationList;
			buildConfigurations = (
				F2EC4B0B1C7D826200FD4ACE /* Debug */,
				F2EC4B0C1C7D826200FD4ACE /* Release */,
			);
			defaultConfigurationIsVisible = 0;
			defaultConfigurationName = Release;
		};
		F2EC4B0D1C7D826200FD4ACE /* Build configuration list for PBXNativeTarget "PTKitUITests" */ = {
			isa = XCConfigurationList;
			buildConfigurations = (
				F2EC4B0E1C7D826200FD4ACE /* Debug */,
				F2EC4B0F1C7D826200FD4ACE /* Release */,
			);
			defaultConfigurationIsVisible = 0;
			defaultConfigurationName = Release;
		};
/* End XCConfigurationList section */
	};
	rootObject = F2EC4AD81C7D826200FD4ACE /* Project object */;
}
